{
    "version": 3,
    "terraform_version": "0.12.31",
    "serial": 1,
    "lineage": "a9079b95-aa6e-9e7c-e984-3037b2081417",
    "modules": [
        {
            "path": [
                "root"
            ],
            "outputs": {
                "aws_ecs_cluster_tfer--fav2-dev-cluster_id": {
                    "sensitive": false,
                    "type": "string",
                    "value": "arn:aws:ecs:ap-northeast-2:108634952344:cluster/fav2-dev-cluster"
                },
                "aws_ecs_cluster_tfer--prod-apiCluster_id": {
                    "sensitive": false,
                    "type": "string",
                    "value": "arn:aws:ecs:ap-northeast-2:108634952344:cluster/prod-apiCluster"
                },
                "aws_ecs_service_tfer--fav2-dev-cluster_fav2-dev-api-svc_id": {
                    "sensitive": false,
                    "type": "string",
                    "value": "arn:aws:ecs:ap-northeast-2:108634952344:service/fav2-dev-cluster/fav2-dev-api-svc"
                },
                "aws_ecs_service_tfer--fav2-dev-cluster_fav2-dev-scheduler-svc_id": {
                    "sensitive": false,
                    "type": "string",
                    "value": "arn:aws:ecs:ap-northeast-2:108634952344:service/fav2-dev-cluster/fav2-dev-scheduler-svc"
                },
                "aws_ecs_service_tfer--fav2-dev-cluster_fav2-dev-worker-svc_id": {
                    "sensitive": false,
                    "type": "string",
                    "value": "arn:aws:ecs:ap-northeast-2:108634952344:service/fav2-dev-cluster/fav2-dev-worker-svc"
                },
                "aws_ecs_service_tfer--prod-apiCluster_prod-apiSvc_id": {
                    "sensitive": false,
                    "type": "string",
                    "value": "arn:aws:ecs:ap-northeast-2:108634952344:service/prod-apiCluster/prod-apiSvc"
                },
                "aws_ecs_service_tfer--prod-apiCluster_prod-schedulerSvc_id": {
                    "sensitive": false,
                    "type": "string",
                    "value": "arn:aws:ecs:ap-northeast-2:108634952344:service/prod-apiCluster/prod-schedulerSvc"
                },
                "aws_ecs_task_definition_tfer--task-definition-002F-FleaauctionStackfav2devapitaskAC54ED99_id": {
                    "sensitive": false,
                    "type": "string",
                    "value": "FleaauctionStackfav2devapitaskAC54ED99"
                },
                "aws_ecs_task_definition_tfer--task-definition-002F-FleaauctionStackfav2devschedulertask_id": {
                    "sensitive": false,
                    "type": "string",
                    "value": "FleaauctionStackfav2devschedulertask"
                },
                "aws_ecs_task_definition_tfer--task-definition-002F-FleaauctionStackfav2devworkertask_id": {
                    "sensitive": false,
                    "type": "string",
                    "value": "FleaauctionStackfav2devworkertask"
                },
                "aws_ecs_task_definition_tfer--task-definition-002F-ProdStackApiTask_id": {
                    "sensitive": false,
                    "type": "string",
                    "value": "ProdStackApiTask"
                },
                "aws_ecs_task_definition_tfer--task-definition-002F-ProdStackSchedulerTask_id": {
                    "sensitive": false,
                    "type": "string",
                    "value": "ProdStackSchedulerTask"
                },
                "aws_ecs_task_definition_tfer--task-definition-002F-ProdStackWorkerTask_id": {
                    "sensitive": false,
                    "type": "string",
                    "value": "ProdStackWorkerTask"
                },
                "aws_internet_gateway_tfer--igw-003ef9dc9e6080f61_id": {
                    "sensitive": false,
                    "type": "string",
                    "value": "igw-003ef9dc9e6080f61"
                },
                "aws_internet_gateway_tfer--igw-04d9862a01cceb427_id": {
                    "sensitive": false,
                    "type": "string",
                    "value": "igw-04d9862a01cceb427"
                },
                "aws_internet_gateway_tfer--igw-c9afc6a1_id": {
                    "sensitive": false,
                    "type": "string",
                    "value": "igw-c9afc6a1"
                },
                "aws_main_route_table_association_tfer--vpc-00122d1bf6c6ee0d4_id": {
                    "sensitive": false,
                    "type": "string",
                    "value": "rtbassoc-06d7dc1fa88d7aed8"
                },
                "aws_main_route_table_association_tfer--vpc-09ac47fd50a915cc8_id": {
                    "sensitive": false,
                    "type": "string",
                    "value": "rtbassoc-0605348ac047d34d3"
                },
                "aws_main_route_table_association_tfer--vpc-517bc13a_id": {
                    "sensitive": false,
                    "type": "string",
                    "value": "rtbassoc-a150decb"
                },
                "aws_nat_gateway_tfer--nat-009da3d3ab47e1f8c_id": {
                    "sensitive": false,
                    "type": "string",
                    "value": "nat-009da3d3ab47e1f8c"
                },
                "aws_nat_gateway_tfer--nat-025edcd9b20c22793_id": {
                    "sensitive": false,
                    "type": "string",
                    "value": "nat-025edcd9b20c22793"
                },
                "aws_nat_gateway_tfer--nat-0945bd1f730db6e91_id": {
                    "sensitive": false,
                    "type": "string",
                    "value": "nat-0945bd1f730db6e91"
                },
                "aws_nat_gateway_tfer--nat-0c42e9023cbde6064_id": {
                    "sensitive": false,
                    "type": "string",
                    "value": "nat-0c42e9023cbde6064"
                },
                "aws_route_table_association_tfer--subnet-0044a01eeeebcb089_id": {
                    "sensitive": false,
                    "type": "string",
                    "value": "rtbassoc-052fbb91f527c4d13"
                },
                "aws_route_table_association_tfer--subnet-012442689a6a7a80d_id": {
                    "sensitive": false,
                    "type": "string",
                    "value": "rtbassoc-04bc6c483a5a88efb"
                },
                "aws_route_table_association_tfer--subnet-01bb4c7eeba090b5a_id": {
                    "sensitive": false,
                    "type": "string",
                    "value": "rtbassoc-05120d50095499d5c"
                },
                "aws_route_table_association_tfer--subnet-02586dcbccca6798c_id": {
                    "sensitive": false,
                    "type": "string",
                    "value": "rtbassoc-0d4f55d366ea1094d"
                },
                "aws_route_table_association_tfer--subnet-03acf6b6c115ba8d5_id": {
                    "sensitive": false,
                    "type": "string",
                    "value": "rtbassoc-0b086f62a1d8836ff"
                },
                "aws_route_table_association_tfer--subnet-04b1415545ee0b240_id": {
                    "sensitive": false,
                    "type": "string",
                    "value": "rtbassoc-0d3cf661e452c7490"
                },
                "aws_route_table_association_tfer--subnet-05400104d3b76ec4b_id": {
                    "sensitive": false,
                    "type": "string",
                    "value": "rtbassoc-0f5f81976efdbbe62"
                },
                "aws_route_table_association_tfer--subnet-05f3099fb813700e2_id": {
                    "sensitive": false,
                    "type": "string",
                    "value": "rtbassoc-05fe2d00a8e9e7128"
                },
                "aws_route_table_association_tfer--subnet-065cc6b92dd50998d_id": {
                    "sensitive": false,
                    "type": "string",
                    "value": "rtbassoc-0896b1bf558eff56a"
                },
                "aws_route_table_association_tfer--subnet-07a0aef129970fae7_id": {
                    "sensitive": false,
                    "type": "string",
                    "value": "rtbassoc-0d148f5624b303866"
                },
                "aws_route_table_association_tfer--subnet-081a4d09dda3e39f8_id": {
                    "sensitive": false,
                    "type": "string",
                    "value": "rtbassoc-0fb196e1ff10d70f7"
                },
                "aws_route_table_association_tfer--subnet-0a17a219d0f7f17df_id": {
                    "sensitive": false,
                    "type": "string",
                    "value": "rtbassoc-00e89e7f9da354e48"
                },
                "aws_route_table_association_tfer--subnet-0c84fbb7bff2cfe87_id": {
                    "sensitive": false,
                    "type": "string",
                    "value": "rtbassoc-0a6a8488981b4546b"
                },
                "aws_route_table_association_tfer--subnet-0fdaf6fe60c05f454_id": {
                    "sensitive": false,
                    "type": "string",
                    "value": "rtbassoc-0673eed4c9753b231"
                },
                "aws_route_table_association_tfer--subnet-cc3e8aa7_id": {
                    "sensitive": false,
                    "type": "string",
                    "value": "rtbassoc-017fc40973759b620"
                },
                "aws_route_table_association_tfer--subnet-f49d85b8_id": {
                    "sensitive": false,
                    "type": "string",
                    "value": "rtbassoc-0e927a743cc845650"
                },
                "aws_route_table_tfer--rtb-013df2dbd781b548c_id": {
                    "sensitive": false,
                    "type": "string",
                    "value": "rtb-013df2dbd781b548c"
                },
                "aws_route_table_tfer--rtb-0268738ff3c8e530e_id": {
                    "sensitive": false,
                    "type": "string",
                    "value": "rtb-0268738ff3c8e530e"
                },
                "aws_route_table_tfer--rtb-032a364481bf65e29_id": {
                    "sensitive": false,
                    "type": "string",
                    "value": "rtb-032a364481bf65e29"
                },
                "aws_route_table_tfer--rtb-035b1eb80a5413989_id": {
                    "sensitive": false,
                    "type": "string",
                    "value": "rtb-035b1eb80a5413989"
                },
                "aws_route_table_tfer--rtb-0389b473e7c8d764a_id": {
                    "sensitive": false,
                    "type": "string",
                    "value": "rtb-0389b473e7c8d764a"
                },
                "aws_route_table_tfer--rtb-0490e789339223935_id": {
                    "sensitive": false,
                    "type": "string",
                    "value": "rtb-0490e789339223935"
                },
                "aws_route_table_tfer--rtb-06bb908f9b63de63f_id": {
                    "sensitive": false,
                    "type": "string",
                    "value": "rtb-06bb908f9b63de63f"
                },
                "aws_route_table_tfer--rtb-0ad0b9a074bd2c63f_id": {
                    "sensitive": false,
                    "type": "string",
                    "value": "rtb-0ad0b9a074bd2c63f"
                },
                "aws_route_table_tfer--rtb-0bc80879673f1d208_id": {
                    "sensitive": false,
                    "type": "string",
                    "value": "rtb-0bc80879673f1d208"
                },
                "aws_route_table_tfer--rtb-0c118f2f68764a209_id": {
                    "sensitive": false,
                    "type": "string",
                    "value": "rtb-0c118f2f68764a209"
                },
                "aws_route_table_tfer--rtb-0d4a8f89131fa8716_id": {
                    "sensitive": false,
                    "type": "string",
                    "value": "rtb-0d4a8f89131fa8716"
                },
                "aws_route_table_tfer--rtb-0d5e2cdc18a70dd21_id": {
                    "sensitive": false,
                    "type": "string",
                    "value": "rtb-0d5e2cdc18a70dd21"
                },
                "aws_route_table_tfer--rtb-0d891b6b74d9cd092_id": {
                    "sensitive": false,
                    "type": "string",
                    "value": "rtb-0d891b6b74d9cd092"
                },
                "aws_route_table_tfer--rtb-0db626255426dd783_id": {
                    "sensitive": false,
                    "type": "string",
                    "value": "rtb-0db626255426dd783"
                },
                "aws_route_table_tfer--rtb-0fe7ee8eb88ec84a7_id": {
                    "sensitive": false,
                    "type": "string",
                    "value": "rtb-0fe7ee8eb88ec84a7"
                },
                "aws_route_table_tfer--rtb-b44102df_id": {
                    "sensitive": false,
                    "type": "string",
                    "value": "rtb-b44102df"
                },
                "aws_security_group_rule_tfer--sg-0ae426c0fb4a168c8_egress_-1_-1_-1_0-002E-0-002E-0-002E-0-002F-0_id": {
                    "sensitive": false,
                    "type": "string",
                    "value": "sgrule-2729416433"
                },
                "aws_security_group_rule_tfer--sg-0ae426c0fb4a168c8_egress_tcp_3306_3306_sg-76fe530d_id": {
                    "sensitive": false,
                    "type": "string",
                    "value": "sgrule-1360639362"
                },
                "aws_security_group_rule_tfer--sg-0ae426c0fb4a168c8_ingress_tcp_0_65535_sg-76fe530d_id": {
                    "sensitive": false,
                    "type": "string",
                    "value": "sgrule-616574806"
                },
                "aws_security_group_tfer--Amazon-QuickSight-access-002E-_sg-0ae426c0fb4a168c8_id": {
                    "sensitive": false,
                    "type": "string",
                    "value": "sg-0ae426c0fb4a168c8"
                },
                "aws_security_group_tfer--FleaauctionStack-fav2devalbsg9EA66EB1-1FGD5CS9OR5EU_sg-0601fbd0838c83fb8_id": {
                    "sensitive": false,
                    "type": "string",
                    "value": "sg-0601fbd0838c83fb8"
                },
                "aws_security_group_tfer--FleaauctionStack-fav2devapisg6FE57974-AF5P8B9Z71ZP_sg-04bedd098f6771c92_id": {
                    "sensitive": false,
                    "type": "string",
                    "value": "sg-04bedd098f6771c92"
                },
                "aws_security_group_tfer--FleaauctionStack-fav2devschedulersg_sg-0f74bd119805c6d9a_id": {
                    "sensitive": false,
                    "type": "string",
                    "value": "sg-0f74bd119805c6d9a"
                },
                "aws_security_group_tfer--FleaauctionStack-fav2devworkersg_sg-07dc5b049fc15f995_id": {
                    "sensitive": false,
                    "type": "string",
                    "value": "sg-07dc5b049fc15f995"
                },
                "aws_security_group_tfer--ProdStack-prodalbSGE031BA83-SHU6CJIF2BV9_sg-04d1091292d7be5b8_id": {
                    "sensitive": false,
                    "type": "string",
                    "value": "sg-04d1091292d7be5b8"
                },
                "aws_security_group_tfer--ProdStack-prodapiSrvSG950BE6F4-3X4EWI8M83DV_sg-029282e2706c114d0_id": {
                    "sensitive": false,
                    "type": "string",
                    "value": "sg-029282e2706c114d0"
                },
                "aws_security_group_tfer--default_sg-0272dcf831a814e29_id": {
                    "sensitive": false,
                    "type": "string",
                    "value": "sg-0272dcf831a814e29"
                },
                "aws_security_group_tfer--default_sg-0b7350d6eac2679c2_id": {
                    "sensitive": false,
                    "type": "string",
                    "value": "sg-0b7350d6eac2679c2"
                },
                "aws_security_group_tfer--default_sg-76fe530d_id": {
                    "sensitive": false,
                    "type": "string",
                    "value": "sg-76fe530d"
                },
                "aws_security_group_tfer--ec2-rds-1_sg-07fd1b3ca1c4c5b0a_id": {
                    "sensitive": false,
                    "type": "string",
                    "value": "sg-07fd1b3ca1c4c5b0a"
                },
                "aws_security_group_tfer--ec2-rds-2_sg-0027a06fe29db3552_id": {
                    "sensitive": false,
                    "type": "string",
                    "value": "sg-0027a06fe29db3552"
                },
                "aws_security_group_tfer--fav2-bastion-sg_sg-03339a4c84cb3f068_id": {
                    "sensitive": false,
                    "type": "string",
                    "value": "sg-03339a4c84cb3f068"
                },
                "aws_security_group_tfer--fav2-dev-mysql-sg_sg-043112ebd1692e538_id": {
                    "sensitive": false,
                    "type": "string",
                    "value": "sg-043112ebd1692e538"
                },
                "aws_security_group_tfer--fav2-dev-redis-sg_sg-0d7cb8e3cb43f8c37_id": {
                    "sensitive": false,
                    "type": "string",
                    "value": "sg-0d7cb8e3cb43f8c37"
                },
                "aws_security_group_tfer--fav2-dev-rmq-sg_sg-07a0af44e66184511_id": {
                    "sensitive": false,
                    "type": "string",
                    "value": "sg-07a0af44e66184511"
                },
                "aws_security_group_tfer--fav2-prod-quicksight_sg-013955a463d64cde4_id": {
                    "sensitive": false,
                    "type": "string",
                    "value": "sg-013955a463d64cde4"
                },
                "aws_security_group_tfer--launch-wizard-1_sg-0afbb7d39e20736c0_id": {
                    "sensitive": false,
                    "type": "string",
                    "value": "sg-0afbb7d39e20736c0"
                },
                "aws_security_group_tfer--launch-wizard-6_sg-0c3263678417ccea3_id": {
                    "sensitive": false,
                    "type": "string",
                    "value": "sg-0c3263678417ccea3"
                },
                "aws_security_group_tfer--mysql-8-0-test_sg-0db451947f2874194_id": {
                    "sensitive": false,
                    "type": "string",
                    "value": "sg-0db451947f2874194"
                },
                "aws_security_group_tfer--prod-auroraSG_sg-0ca447cc6d770c165_id": {
                    "sensitive": false,
                    "type": "string",
                    "value": "sg-0ca447cc6d770c165"
                },
                "aws_security_group_tfer--prod-bastionSG_sg-05db30b28938be918_id": {
                    "sensitive": false,
                    "type": "string",
                    "value": "sg-05db30b28938be918"
                },
                "aws_security_group_tfer--prod-redisSG_sg-0ecd6651735653a7b_id": {
                    "sensitive": false,
                    "type": "string",
                    "value": "sg-0ecd6651735653a7b"
                },
                "aws_security_group_tfer--prod-rmqSG_sg-0c84e694f9f3533f7_id": {
                    "sensitive": false,
                    "type": "string",
                    "value": "sg-0c84e694f9f3533f7"
                },
                "aws_security_group_tfer--prod-schedulerSG_sg-02efb7ce9f0a2138c_id": {
                    "sensitive": false,
                    "type": "string",
                    "value": "sg-02efb7ce9f0a2138c"
                },
                "aws_security_group_tfer--prod-workerSG_sg-0797b29ec3362f0fc_id": {
                    "sensitive": false,
                    "type": "string",
                    "value": "sg-0797b29ec3362f0fc"
                },
                "aws_security_group_tfer--rds-ec2-1_sg-005282b733a5118ca_id": {
                    "sensitive": false,
                    "type": "string",
                    "value": "sg-005282b733a5118ca"
                },
                "aws_security_group_tfer--rds-ec2-2_sg-0df42802facae2566_id": {
                    "sensitive": false,
                    "type": "string",
                    "value": "sg-0df42802facae2566"
                },
                "aws_subnet_tfer--subnet-0044a01eeeebcb089_id": {
                    "sensitive": false,
                    "type": "string",
                    "value": "subnet-0044a01eeeebcb089"
                },
                "aws_subnet_tfer--subnet-012442689a6a7a80d_id": {
                    "sensitive": false,
                    "type": "string",
                    "value": "subnet-012442689a6a7a80d"
                },
                "aws_subnet_tfer--subnet-01bb4c7eeba090b5a_id": {
                    "sensitive": false,
                    "type": "string",
                    "value": "subnet-01bb4c7eeba090b5a"
                },
                "aws_subnet_tfer--subnet-02586dcbccca6798c_id": {
                    "sensitive": false,
                    "type": "string",
                    "value": "subnet-02586dcbccca6798c"
                },
                "aws_subnet_tfer--subnet-03acf6b6c115ba8d5_id": {
                    "sensitive": false,
                    "type": "string",
                    "value": "subnet-03acf6b6c115ba8d5"
                },
                "aws_subnet_tfer--subnet-04b1415545ee0b240_id": {
                    "sensitive": false,
                    "type": "string",
                    "value": "subnet-04b1415545ee0b240"
                },
                "aws_subnet_tfer--subnet-05400104d3b76ec4b_id": {
                    "sensitive": false,
                    "type": "string",
                    "value": "subnet-05400104d3b76ec4b"
                },
                "aws_subnet_tfer--subnet-05f3099fb813700e2_id": {
                    "sensitive": false,
                    "type": "string",
                    "value": "subnet-05f3099fb813700e2"
                },
                "aws_subnet_tfer--subnet-065cc6b92dd50998d_id": {
                    "sensitive": false,
                    "type": "string",
                    "value": "subnet-065cc6b92dd50998d"
                },
                "aws_subnet_tfer--subnet-07a0aef129970fae7_id": {
                    "sensitive": false,
                    "type": "string",
                    "value": "subnet-07a0aef129970fae7"
                },
                "aws_subnet_tfer--subnet-081a4d09dda3e39f8_id": {
                    "sensitive": false,
                    "type": "string",
                    "value": "subnet-081a4d09dda3e39f8"
                },
                "aws_subnet_tfer--subnet-0a17a219d0f7f17df_id": {
                    "sensitive": false,
                    "type": "string",
                    "value": "subnet-0a17a219d0f7f17df"
                },
                "aws_subnet_tfer--subnet-0c84fbb7bff2cfe87_id": {
                    "sensitive": false,
                    "type": "string",
                    "value": "subnet-0c84fbb7bff2cfe87"
                },
                "aws_subnet_tfer--subnet-0fdaf6fe60c05f454_id": {
                    "sensitive": false,
                    "type": "string",
                    "value": "subnet-0fdaf6fe60c05f454"
                },
                "aws_subnet_tfer--subnet-cc3e8aa7_id": {
                    "sensitive": false,
                    "type": "string",
                    "value": "subnet-cc3e8aa7"
                },
                "aws_subnet_tfer--subnet-f49d85b8_id": {
                    "sensitive": false,
                    "type": "string",
                    "value": "subnet-f49d85b8"
                },
                "aws_vpc_tfer--vpc-00122d1bf6c6ee0d4_id": {
                    "sensitive": false,
                    "type": "string",
                    "value": "vpc-00122d1bf6c6ee0d4"
                },
                "aws_vpc_tfer--vpc-09ac47fd50a915cc8_id": {
                    "sensitive": false,
                    "type": "string",
                    "value": "vpc-09ac47fd50a915cc8"
                },
                "aws_vpc_tfer--vpc-517bc13a_id": {
                    "sensitive": false,
                    "type": "string",
                    "value": "vpc-517bc13a"
                }
            },
            "resources": {
                "aws_ecs_cluster.tfer--fav2-dev-cluster": {
                    "type": "aws_ecs_cluster",
                    "depends_on": [],
                    "primary": {
                        "id": "arn:aws:ecs:ap-northeast-2:108634952344:cluster/fav2-dev-cluster",
                        "attributes": {
                            "arn": "arn:aws:ecs:ap-northeast-2:108634952344:cluster/fav2-dev-cluster",
                            "id": "arn:aws:ecs:ap-northeast-2:108634952344:cluster/fav2-dev-cluster",
                            "name": "fav2-dev-cluster",
                            "service_connect_defaults.#": "0",
                            "setting.#": "1",
                            "setting.0.name": "containerInsights",
                            "setting.0.value": "disabled",
                            "tags.%": "0",
                            "tags_all.%": "0"
                        },
                        "meta": {
                            "schema_version": 0
                        },
                        "tainted": false
                    },
                    "deposed": [],
                    "provider": "provider.aws"
                },
                "aws_ecs_cluster.tfer--prod-apiCluster": {
                    "type": "aws_ecs_cluster",
                    "depends_on": [],
                    "primary": {
                        "id": "arn:aws:ecs:ap-northeast-2:108634952344:cluster/prod-apiCluster",
                        "attributes": {
                            "arn": "arn:aws:ecs:ap-northeast-2:108634952344:cluster/prod-apiCluster",
                            "id": "arn:aws:ecs:ap-northeast-2:108634952344:cluster/prod-apiCluster",
                            "name": "prod-apiCluster",
                            "service_connect_defaults.#": "0",
                            "setting.#": "1",
                            "setting.0.name": "containerInsights",
                            "setting.0.value": "enabled",
                            "tags.%": "0",
                            "tags_all.%": "0"
                        },
                        "meta": {
                            "schema_version": 0
                        },
                        "tainted": false
                    },
                    "deposed": [],
                    "provider": "provider.aws"
                },
                "aws_ecs_service.tfer--fav2-dev-cluster_fav2-dev-api-svc": {
                    "type": "aws_ecs_service",
                    "depends_on": [],
                    "primary": {
                        "id": "arn:aws:ecs:ap-northeast-2:108634952344:service/fav2-dev-cluster/fav2-dev-api-svc",
                        "attributes": {
                            "alarms.#": "1",
                            "alarms.0.alarm_names.#": "0",
                            "alarms.0.enable": "false",
                            "alarms.0.rollback": "false",
                            "capacity_provider_strategy.#": "0",
                            "cluster": "fav2-dev-cluster",
                            "deployment_circuit_breaker.#": "1",
                            "deployment_circuit_breaker.0.enable": "false",
                            "deployment_circuit_breaker.0.rollback": "false",
                            "deployment_controller.#": "1",
                            "deployment_controller.0.type": "ECS",
                            "deployment_maximum_percent": "200",
                            "deployment_minimum_healthy_percent": "50",
                            "desired_count": "0",
                            "enable_ecs_managed_tags": "false",
                            "enable_execute_command": "false",
                            "health_check_grace_period_seconds": "60",
                            "iam_role": "/aws-service-role/ecs.amazonaws.com/AWSServiceRoleForECS",
                            "id": "arn:aws:ecs:ap-northeast-2:108634952344:service/fav2-dev-cluster/fav2-dev-api-svc",
                            "launch_type": "FARGATE",
                            "load_balancer.#": "1",
                            "load_balancer.0.container_name": "fav2-dev-api-container",
                            "load_balancer.0.container_port": "3001",
                            "load_balancer.0.elb_name": "",
                            "load_balancer.0.target_group_arn": "arn:aws:elasticloadbalancing:ap-northeast-2:108634952344:targetgroup/Fleaa-fav2d-HRFO26EVZM2/b5b9d5d9546d90a3",
                            "name": "fav2-dev-api-svc",
                            "network_configuration.#": "1",
                            "network_configuration.0.assign_public_ip": "false",
                            "network_configuration.0.security_groups.#": "1",
                            "network_configuration.0.security_groups.0": "sg-04bedd098f6771c92",
                            "network_configuration.0.subnets.#": "2",
                            "network_configuration.0.subnets.0": "subnet-02586dcbccca6798c",
                            "network_configuration.0.subnets.1": "subnet-065cc6b92dd50998d",
                            "ordered_placement_strategy.#": "0",
                            "placement_constraints.#": "0",
                            "platform_version": "LATEST",
                            "propagate_tags": "NONE",
                            "scheduling_strategy": "REPLICA",
                            "service_registries.#": "0",
                            "tags.%": "0",
                            "tags_all.%": "0",
                            "task_definition": "arn:aws:ecs:ap-northeast-2:108634952344:task-definition/FleaauctionStackfav2devapitaskAC54ED99:15",
                            "triggers.%": "0"
                        },
                        "meta": {
                            "schema_version": 1
                        },
                        "tainted": false
                    },
                    "deposed": [],
                    "provider": "provider.aws"
                },
                "aws_ecs_service.tfer--fav2-dev-cluster_fav2-dev-scheduler-svc": {
                    "type": "aws_ecs_service",
                    "depends_on": [],
                    "primary": {
                        "id": "arn:aws:ecs:ap-northeast-2:108634952344:service/fav2-dev-cluster/fav2-dev-scheduler-svc",
                        "attributes": {
                            "alarms.#": "1",
                            "alarms.0.alarm_names.#": "0",
                            "alarms.0.enable": "false",
                            "alarms.0.rollback": "false",
                            "capacity_provider_strategy.#": "0",
                            "cluster": "fav2-dev-cluster",
                            "deployment_circuit_breaker.#": "1",
                            "deployment_circuit_breaker.0.enable": "false",
                            "deployment_circuit_breaker.0.rollback": "false",
                            "deployment_controller.#": "1",
                            "deployment_controller.0.type": "ECS",
                            "deployment_maximum_percent": "200",
                            "deployment_minimum_healthy_percent": "50",
                            "desired_count": "0",
                            "enable_ecs_managed_tags": "true",
                            "enable_execute_command": "false",
                            "health_check_grace_period_seconds": "0",
                            "iam_role": "/aws-service-role/ecs.amazonaws.com/AWSServiceRoleForECS",
                            "id": "arn:aws:ecs:ap-northeast-2:108634952344:service/fav2-dev-cluster/fav2-dev-scheduler-svc",
                            "launch_type": "FARGATE",
                            "load_balancer.#": "0",
                            "name": "fav2-dev-scheduler-svc",
                            "network_configuration.#": "1",
                            "network_configuration.0.assign_public_ip": "false",
                            "network_configuration.0.security_groups.#": "1",
                            "network_configuration.0.security_groups.0": "sg-0f74bd119805c6d9a",
                            "network_configuration.0.subnets.#": "2",
                            "network_configuration.0.subnets.0": "subnet-02586dcbccca6798c",
                            "network_configuration.0.subnets.1": "subnet-065cc6b92dd50998d",
                            "ordered_placement_strategy.#": "0",
                            "placement_constraints.#": "0",
                            "platform_version": "LATEST",
                            "propagate_tags": "NONE",
                            "scheduling_strategy": "REPLICA",
                            "service_registries.#": "0",
                            "tags.%": "0",
                            "tags_all.%": "0",
                            "task_definition": "arn:aws:ecs:ap-northeast-2:108634952344:task-definition/FleaauctionStackfav2devschedulertask:8",
                            "triggers.%": "0"
                        },
                        "meta": {
                            "schema_version": 1
                        },
                        "tainted": false
                    },
                    "deposed": [],
                    "provider": "provider.aws"
                },
                "aws_ecs_service.tfer--fav2-dev-cluster_fav2-dev-worker-svc": {
                    "type": "aws_ecs_service",
                    "depends_on": [],
                    "primary": {
                        "id": "arn:aws:ecs:ap-northeast-2:108634952344:service/fav2-dev-cluster/fav2-dev-worker-svc",
                        "attributes": {
                            "alarms.#": "0",
                            "capacity_provider_strategy.#": "0",
                            "cluster": "fav2-dev-cluster",
                            "deployment_circuit_breaker.#": "1",
                            "deployment_circuit_breaker.0.enable": "false",
                            "deployment_circuit_breaker.0.rollback": "false",
                            "deployment_controller.#": "1",
                            "deployment_controller.0.type": "ECS",
                            "deployment_maximum_percent": "200",
                            "deployment_minimum_healthy_percent": "100",
                            "desired_count": "0",
                            "enable_ecs_managed_tags": "true",
                            "enable_execute_command": "false",
                            "health_check_grace_period_seconds": "0",
                            "iam_role": "/aws-service-role/ecs.amazonaws.com/AWSServiceRoleForECS",
                            "id": "arn:aws:ecs:ap-northeast-2:108634952344:service/fav2-dev-cluster/fav2-dev-worker-svc",
                            "launch_type": "FARGATE",
                            "load_balancer.#": "0",
                            "name": "fav2-dev-worker-svc",
                            "network_configuration.#": "1",
                            "network_configuration.0.assign_public_ip": "false",
                            "network_configuration.0.security_groups.#": "1",
                            "network_configuration.0.security_groups.0": "sg-07dc5b049fc15f995",
                            "network_configuration.0.subnets.#": "2",
                            "network_configuration.0.subnets.0": "subnet-02586dcbccca6798c",
                            "network_configuration.0.subnets.1": "subnet-065cc6b92dd50998d",
                            "ordered_placement_strategy.#": "0",
                            "placement_constraints.#": "0",
                            "platform_version": "LATEST",
                            "propagate_tags": "NONE",
                            "scheduling_strategy": "REPLICA",
                            "service_registries.#": "0",
                            "tags.%": "0",
                            "tags_all.%": "0",
                            "task_definition": "arn:aws:ecs:ap-northeast-2:108634952344:task-definition/FleaauctionStackfav2devworkertask:11",
                            "triggers.%": "0"
                        },
                        "meta": {
                            "schema_version": 1
                        },
                        "tainted": false
                    },
                    "deposed": [],
                    "provider": "provider.aws"
                },
                "aws_ecs_service.tfer--prod-apiCluster_prod-apiSvc": {
                    "type": "aws_ecs_service",
                    "depends_on": [],
                    "primary": {
                        "id": "arn:aws:ecs:ap-northeast-2:108634952344:service/prod-apiCluster/prod-apiSvc",
                        "attributes": {
                            "alarms.#": "1",
                            "alarms.0.alarm_names.#": "0",
                            "alarms.0.enable": "false",
                            "alarms.0.rollback": "false",
                            "capacity_provider_strategy.#": "0",
                            "cluster": "prod-apiCluster",
                            "deployment_circuit_breaker.#": "1",
                            "deployment_circuit_breaker.0.enable": "false",
                            "deployment_circuit_breaker.0.rollback": "false",
                            "deployment_controller.#": "1",
                            "deployment_controller.0.type": "ECS",
                            "deployment_maximum_percent": "200",
                            "deployment_minimum_healthy_percent": "50",
                            "desired_count": "3",
                            "enable_ecs_managed_tags": "false",
                            "enable_execute_command": "false",
                            "health_check_grace_period_seconds": "60",
                            "iam_role": "/aws-service-role/ecs.amazonaws.com/AWSServiceRoleForECS",
                            "id": "arn:aws:ecs:ap-northeast-2:108634952344:service/prod-apiCluster/prod-apiSvc",
                            "launch_type": "FARGATE",
                            "load_balancer.#": "1",
                            "load_balancer.0.container_name": "prod-apiContainer",
                            "load_balancer.0.container_port": "3001",
                            "load_balancer.0.elb_name": "",
                            "load_balancer.0.target_group_arn": "arn:aws:elasticloadbalancing:ap-northeast-2:108634952344:targetgroup/ProdS-proda-HLE48O9DBH1Y/d33268b7645f3097",
                            "name": "prod-apiSvc",
                            "network_configuration.#": "1",
                            "network_configuration.0.assign_public_ip": "false",
                            "network_configuration.0.security_groups.#": "1",
                            "network_configuration.0.security_groups.0": "sg-029282e2706c114d0",
                            "network_configuration.0.subnets.#": "2",
                            "network_configuration.0.subnets.0": "subnet-03acf6b6c115ba8d5",
                            "network_configuration.0.subnets.1": "subnet-0a17a219d0f7f17df",
                            "ordered_placement_strategy.#": "0",
                            "placement_constraints.#": "0",
                            "platform_version": "LATEST",
                            "propagate_tags": "NONE",
                            "scheduling_strategy": "REPLICA",
                            "service_registries.#": "0",
                            "tags.%": "0",
                            "tags_all.%": "0",
                            "task_definition": "arn:aws:ecs:ap-northeast-2:108634952344:task-definition/ProdStackApiTask:2",
                            "triggers.%": "0"
                        },
                        "meta": {
                            "schema_version": 1
                        },
                        "tainted": false
                    },
                    "deposed": [],
                    "provider": "provider.aws"
                },
                "aws_ecs_service.tfer--prod-apiCluster_prod-schedulerSvc": {
                    "type": "aws_ecs_service",
                    "depends_on": [],
                    "primary": {
                        "id": "arn:aws:ecs:ap-northeast-2:108634952344:service/prod-apiCluster/prod-schedulerSvc",
                        "attributes": {
                            "alarms.#": "0",
                            "capacity_provider_strategy.#": "0",
                            "cluster": "prod-apiCluster",
                            "deployment_circuit_breaker.#": "1",
                            "deployment_circuit_breaker.0.enable": "false",
                            "deployment_circuit_breaker.0.rollback": "false",
                            "deployment_controller.#": "1",
                            "deployment_controller.0.type": "ECS",
                            "deployment_maximum_percent": "200",
                            "deployment_minimum_healthy_percent": "100",
                            "desired_count": "1",
                            "enable_ecs_managed_tags": "true",
                            "enable_execute_command": "false",
                            "health_check_grace_period_seconds": "0",
                            "iam_role": "/aws-service-role/ecs.amazonaws.com/AWSServiceRoleForECS",
                            "id": "arn:aws:ecs:ap-northeast-2:108634952344:service/prod-apiCluster/prod-schedulerSvc",
                            "launch_type": "FARGATE",
                            "load_balancer.#": "0",
                            "name": "prod-schedulerSvc",
                            "network_configuration.#": "1",
                            "network_configuration.0.assign_public_ip": "false",
                            "network_configuration.0.security_groups.#": "1",
                            "network_configuration.0.security_groups.0": "sg-02efb7ce9f0a2138c",
                            "network_configuration.0.subnets.#": "2",
                            "network_configuration.0.subnets.0": "subnet-03acf6b6c115ba8d5",
                            "network_configuration.0.subnets.1": "subnet-0a17a219d0f7f17df",
                            "ordered_placement_strategy.#": "0",
                            "placement_constraints.#": "0",
                            "platform_version": "LATEST",
                            "propagate_tags": "NONE",
                            "scheduling_strategy": "REPLICA",
                            "service_registries.#": "0",
                            "tags.%": "0",
                            "tags_all.%": "0",
                            "task_definition": "arn:aws:ecs:ap-northeast-2:108634952344:task-definition/ProdStackSchedulerTask:5",
                            "triggers.%": "0"
                        },
                        "meta": {
                            "schema_version": 1
                        },
                        "tainted": false
                    },
                    "deposed": [],
                    "provider": "provider.aws"
                },
                "aws_ecs_task_definition.tfer--task-definition-002F-FleaauctionStackfav2devapitaskAC54ED99": {
                    "type": "aws_ecs_task_definition",
                    "depends_on": [],
                    "primary": {
                        "id": "FleaauctionStackfav2devapitaskAC54ED99",
                        "attributes": {
                            "arn": "arn:aws:ecs:ap-northeast-2:108634952344:task-definition/FleaauctionStackfav2devapitaskAC54ED99:15",
                            "arn_without_revision": "arn:aws:ecs:ap-northeast-2:108634952344:task-definition/FleaauctionStackfav2devapitaskAC54ED99",
                            "container_definitions": "[{\"dockerSecurityOptions\":[],\"environment\":[{\"name\":\"ADMIN_URL\",\"value\":\"https://admin-demo.fleaauction.world\"},{\"name\":\"GOOGLE_APPLICATION_CREDENTIALS\",\"value\":\"./fcm-dev.account-key.json\"},{\"name\":\"MYSQL_SECRETS_ARN\",\"value\":\"arn:aws:secretsmanager:ap-northeast-2:108634952344:secret:fav2/dev/mysql-VmwjC0\"},{\"name\":\"NODE_ENV\",\"value\":\"dev\"},{\"name\":\"RABBITMQ_HOST\",\"value\":\"amqps://b-f7efbe2e-d410-41d0-851c-ca8ad905120d.mq.ap-northeast-2.amazonaws.com:5671\"},{\"name\":\"RABBITMQ_QUEUE\",\"value\":\"dev-rmq\"},{\"name\":\"REDIS_HOST\",\"value\":\"fav2-dev-redis-cluster.gjpidd.ng.0001.apn2.cache.amazonaws.com\"},{\"name\":\"REDIS_PORT\",\"value\":\"6379\"}],\"essential\":true,\"image\":\"108634952344.dkr.ecr.ap-northeast-2.amazonaws.com/fav2-api:latest\",\"links\":[],\"logConfiguration\":{\"logDriver\":\"awslogs\",\"options\":{\"awslogs-group\":\"/ecs/FleaauctionStackfav2devapitask\",\"awslogs-region\":\"ap-northeast-2\",\"awslogs-stream-prefix\":\"fav2-dev-api\"}},\"mountPoints\":[],\"name\":\"fav2-dev-api-container\",\"portMappings\":[{\"containerPort\":3001,\"hostPort\":3001,\"name\":\"fav2-dev-api-container-3001-tcp\",\"protocol\":\"tcp\"}],\"systemControls\":[],\"volumesFrom\":[]}]",
                            "cpu": "256",
                            "ephemeral_storage.#": "0",
                            "execution_role_arn": "arn:aws:iam::108634952344:role/FleaauctionStack-fav2devapitaskExecutionRole6904A1-1OCTZHMUYM81S",
                            "family": "FleaauctionStackfav2devapitaskAC54ED99",
                            "id": "FleaauctionStackfav2devapitaskAC54ED99",
                            "inference_accelerator.#": "0",
                            "ipc_mode": "",
                            "memory": "512",
                            "network_mode": "awsvpc",
                            "pid_mode": "",
                            "placement_constraints.#": "0",
                            "proxy_configuration.#": "0",
                            "requires_compatibilities.#": "1",
                            "requires_compatibilities.0": "FARGATE",
                            "revision": "15",
                            "runtime_platform.#": "1",
                            "runtime_platform.0.cpu_architecture": "",
                            "runtime_platform.0.operating_system_family": "LINUX",
                            "tags.%": "0",
                            "tags_all.%": "0",
                            "task_role_arn": "arn:aws:iam::108634952344:role/FleaauctionV2EcsTaskRole",
                            "track_latest": "false",
                            "volume.#": "0"
                        },
                        "meta": {
                            "schema_version": 1
                        },
                        "tainted": false
                    },
                    "deposed": [],
                    "provider": "provider.aws"
                },
                "aws_ecs_task_definition.tfer--task-definition-002F-FleaauctionStackfav2devschedulertask": {
                    "type": "aws_ecs_task_definition",
                    "depends_on": [],
                    "primary": {
                        "id": "FleaauctionStackfav2devschedulertask",
                        "attributes": {
                            "arn": "arn:aws:ecs:ap-northeast-2:108634952344:task-definition/FleaauctionStackfav2devschedulertask:8",
                            "arn_without_revision": "arn:aws:ecs:ap-northeast-2:108634952344:task-definition/FleaauctionStackfav2devschedulertask",
                            "container_definitions": "[{\"environment\":[{\"name\":\"ADMIN_URL\",\"value\":\"https://admin-demo.fleaauction.world\"},{\"name\":\"MYSQL_SECRETS_ARN\",\"value\":\"arn:aws:secretsmanager:ap-northeast-2:108634952344:secret:fav2/dev/mysql-VmwjC0\"},{\"name\":\"NODE_ENV\",\"value\":\"dev\"},{\"name\":\"RABBITMQ_HOST\",\"value\":\"amqps://b-9a187f5e-f44c-4b1e-9225-947f85ee4626.mq.ap-northeast-2.amazonaws.com:5671\"},{\"name\":\"RABBITMQ_QUEUE\",\"value\":\"dev-rmq\"},{\"name\":\"REDIS_HOST\",\"value\":\"fav2-dev-redis-cluster.gjpidd.ng.0001.apn2.cache.amazonaws.com\"},{\"name\":\"REDIS_PORT\",\"value\":\"6379\"}],\"essential\":true,\"image\":\"108634952344.dkr.ecr.ap-northeast-2.amazonaws.com/fav2-scheduler:latest\",\"logConfiguration\":{\"logDriver\":\"awslogs\",\"options\":{\"awslogs-group\":\"/ecs/FleaauctionStackfav2devschedulertask\",\"awslogs-region\":\"ap-northeast-2\",\"awslogs-stream-prefix\":\"ecs\"}},\"mountPoints\":[],\"name\":\"fav2-dev-scheduler-container\",\"portMappings\":[{\"containerPort\":3002,\"hostPort\":3002,\"name\":\"fav2-dev-scheduler-container-3002-tcp\",\"protocol\":\"tcp\"}],\"volumesFrom\":[]}]",
                            "cpu": "256",
                            "ephemeral_storage.#": "0",
                            "execution_role_arn": "arn:aws:iam::108634952344:role/FleaauctionStack-fav2devapitaskExecutionRole6904A1-1OCTZHMUYM81S",
                            "family": "FleaauctionStackfav2devschedulertask",
                            "id": "FleaauctionStackfav2devschedulertask",
                            "inference_accelerator.#": "0",
                            "ipc_mode": "",
                            "memory": "512",
                            "network_mode": "awsvpc",
                            "pid_mode": "",
                            "placement_constraints.#": "0",
                            "proxy_configuration.#": "0",
                            "requires_compatibilities.#": "1",
                            "requires_compatibilities.0": "FARGATE",
                            "revision": "8",
                            "runtime_platform.#": "1",
                            "runtime_platform.0.cpu_architecture": "",
                            "runtime_platform.0.operating_system_family": "LINUX",
                            "tags.%": "0",
                            "tags_all.%": "0",
                            "task_role_arn": "arn:aws:iam::108634952344:role/FleaauctionV2EcsTaskRole",
                            "track_latest": "false",
                            "volume.#": "0"
                        },
                        "meta": {
                            "schema_version": 1
                        },
                        "tainted": false
                    },
                    "deposed": [],
                    "provider": "provider.aws"
                },
                "aws_ecs_task_definition.tfer--task-definition-002F-FleaauctionStackfav2devworkertask": {
                    "type": "aws_ecs_task_definition",
                    "depends_on": [],
                    "primary": {
                        "id": "FleaauctionStackfav2devworkertask",
                        "attributes": {
                            "arn": "arn:aws:ecs:ap-northeast-2:108634952344:task-definition/FleaauctionStackfav2devworkertask:11",
                            "arn_without_revision": "arn:aws:ecs:ap-northeast-2:108634952344:task-definition/FleaauctionStackfav2devworkertask",
                            "container_definitions": "[{\"environment\":[{\"name\":\"GOOGLE_APPLICATION_CREDENTIALS\",\"value\":\"./fcm-dev.account-key.json\"},{\"name\":\"MYSQL_SECRETS_ARN\",\"value\":\"arn:aws:secretsmanager:ap-northeast-2:108634952344:secret:fav2/dev/mysql-VmwjC0\"},{\"name\":\"NODE_ENV\",\"value\":\"dev\"},{\"name\":\"RABBITMQ_HOST\",\"value\":\"amqps://b-f7efbe2e-d410-41d0-851c-ca8ad905120d.mq.ap-northeast-2.amazonaws.com:5671\"},{\"name\":\"RABBITMQ_QUEUE\",\"value\":\"dev-rmq\"},{\"name\":\"REDIS_HOST\",\"value\":\"fav2-dev-redis-cluster.gjpidd.ng.0001.apn2.cache.amazonaws.com\"},{\"name\":\"REDIS_PORT\",\"value\":\"6379\"}],\"essential\":true,\"image\":\"108634952344.dkr.ecr.ap-northeast-2.amazonaws.com/fav2-worker:latest\",\"logConfiguration\":{\"logDriver\":\"awslogs\",\"options\":{\"awslogs-stream-prefix\":\"fav2-dev-worker\",\"awslogs-group\":\"/ecs/FleaauctionStackfav2devworkertask\",\"awslogs-region\":\"ap-northeast-2\"},\"secretOptions\":[]},\"mountPoints\":[],\"name\":\"fav2-dev-worker-container\",\"portMappings\":[{\"containerPort\":3003,\"hostPort\":3003,\"name\":\"fav2-dev-worker-container-3003-tcp\",\"protocol\":\"tcp\"}],\"systemControls\":[],\"volumesFrom\":[]}]",
                            "cpu": "256",
                            "ephemeral_storage.#": "0",
                            "execution_role_arn": "arn:aws:iam::108634952344:role/FleaauctionStack-fav2devapitaskExecutionRole6904A1-1OCTZHMUYM81S",
                            "family": "FleaauctionStackfav2devworkertask",
                            "id": "FleaauctionStackfav2devworkertask",
                            "inference_accelerator.#": "0",
                            "ipc_mode": "",
                            "memory": "512",
                            "network_mode": "awsvpc",
                            "pid_mode": "",
                            "placement_constraints.#": "0",
                            "proxy_configuration.#": "0",
                            "requires_compatibilities.#": "1",
                            "requires_compatibilities.0": "FARGATE",
                            "revision": "11",
                            "runtime_platform.#": "1",
                            "runtime_platform.0.cpu_architecture": "",
                            "runtime_platform.0.operating_system_family": "LINUX",
                            "tags.%": "0",
                            "tags_all.%": "0",
                            "task_role_arn": "arn:aws:iam::108634952344:role/FleaauctionStack-fav2devapitaskExecutionRole6904A1-1OCTZHMUYM81S",
                            "track_latest": "false",
                            "volume.#": "0"
                        },
                        "meta": {
                            "schema_version": 1
                        },
                        "tainted": false
                    },
                    "deposed": [],
                    "provider": "provider.aws"
                },
                "aws_ecs_task_definition.tfer--task-definition-002F-ProdStackApiTask": {
                    "type": "aws_ecs_task_definition",
                    "depends_on": [],
                    "primary": {
                        "id": "ProdStackApiTask",
                        "attributes": {
                            "arn": "arn:aws:ecs:ap-northeast-2:108634952344:task-definition/ProdStackApiTask:2",
                            "arn_without_revision": "arn:aws:ecs:ap-northeast-2:108634952344:task-definition/ProdStackApiTask",
                            "container_definitions": "[{\"dockerSecurityOptions\":[],\"environment\":[{\"name\":\"ADMIN_URL\",\"value\":\"https://admin.fleaauction.world\"},{\"name\":\"BULLMQ_HOST\",\"value\":\"prod-bullmq-cluster.gjpidd.ng.0001.apn2.cache.amazonaws.com\"},{\"name\":\"GOOGLE_APPLICATION_CREDENTIALS\",\"value\":\"./fcm-prod.account-key.json\"},{\"name\":\"MYSQL_SECRETS_ARN\",\"value\":\"arn:aws:secretsmanager:ap-northeast-2:108634952344:secret:prod/aurora/mysql-3WGQES\"},{\"name\":\"NODE_ENV\",\"value\":\"prod\"},{\"name\":\"RABBITMQ_HOST\",\"value\":\"amqps://b-4cd9fcca-3fcc-4070-a8bf-c98ac2168ce1.mq.ap-northeast-2.amazonaws.com:5671\"},{\"name\":\"RABBITMQ_QUEUE\",\"value\":\"prod-rmq\"},{\"name\":\"REDIS_HOST\",\"value\":\"prod-redis-cluster.gjpidd.ng.0001.apn2.cache.amazonaws.com\"}],\"essential\":true,\"image\":\"108634952344.dkr.ecr.ap-northeast-2.amazonaws.com/fav2-api:latest\",\"logConfiguration\":{\"logDriver\":\"awslogs\",\"options\":{\"awslogs-stream-prefix\":\"ecs\",\"awslogs-group\":\"/ecs/prodApi\",\"awslogs-region\":\"ap-northeast-2\"},\"secretOptions\":[]},\"mountPoints\":[],\"name\":\"prod-apiContainer\",\"portMappings\":[{\"containerPort\":3001,\"hostPort\":3001,\"name\":\"prod-apicontainer-3001-tcp\",\"protocol\":\"tcp\"}],\"systemControls\":[],\"volumesFrom\":[]}]",
                            "cpu": "1024",
                            "ephemeral_storage.#": "0",
                            "execution_role_arn": "arn:aws:iam::108634952344:role/ProdStack-prodapiTaskExecutionRoleB8C0C458-2NGIO1SIZZLV",
                            "family": "ProdStackApiTask",
                            "id": "ProdStackApiTask",
                            "inference_accelerator.#": "0",
                            "ipc_mode": "",
                            "memory": "2048",
                            "network_mode": "awsvpc",
                            "pid_mode": "",
                            "placement_constraints.#": "0",
                            "proxy_configuration.#": "0",
                            "requires_compatibilities.#": "1",
                            "requires_compatibilities.0": "FARGATE",
                            "revision": "2",
                            "runtime_platform.#": "1",
                            "runtime_platform.0.cpu_architecture": "X86_64",
                            "runtime_platform.0.operating_system_family": "LINUX",
                            "tags.%": "0",
                            "tags_all.%": "0",
                            "task_role_arn": "arn:aws:iam::108634952344:role/ProdStack-prodapiTaskTaskRole18C9FAE4-1BVXGYZZ23UBG",
                            "track_latest": "false",
                            "volume.#": "0"
                        },
                        "meta": {
                            "schema_version": 1
                        },
                        "tainted": false
                    },
                    "deposed": [],
                    "provider": "provider.aws"
                },
                "aws_ecs_task_definition.tfer--task-definition-002F-ProdStackSchedulerTask": {
                    "type": "aws_ecs_task_definition",
                    "depends_on": [],
                    "primary": {
                        "id": "ProdStackSchedulerTask",
                        "attributes": {
                            "arn": "arn:aws:ecs:ap-northeast-2:108634952344:task-definition/ProdStackSchedulerTask:5",
                            "arn_without_revision": "arn:aws:ecs:ap-northeast-2:108634952344:task-definition/ProdStackSchedulerTask",
                            "container_definitions": "[{\"environment\":[{\"name\":\"ADMIN_URL\",\"value\":\"https://admin.fleaauction.world\"},{\"name\":\"BULLMQ_HOST\",\"value\":\"prod-bullmq-cluster.gjpidd.ng.0001.apn2.cache.amazonaws.com\"},{\"name\":\"MYSQL_SECRETS_ARN\",\"value\":\"arn:aws:secretsmanager:ap-northeast-2:108634952344:secret:prod/aurora/mysql-3WGQES\"},{\"name\":\"NODE_ENV\",\"value\":\"prod\"},{\"name\":\"RABBITMQ_HOST\",\"value\":\"amqps://b-4cd9fcca-3fcc-4070-a8bf-c98ac2168ce1.mq.ap-northeast-2.amazonaws.com:5671\"},{\"name\":\"RABBITMQ_QUEUE\",\"value\":\"prod-rmq\"},{\"name\":\"REDIS_HOST\",\"value\":\"prod-redis-cluster.gjpidd.ng.0001.apn2.cache.amazonaws.com\"}],\"essential\":true,\"image\":\"108634952344.dkr.ecr.ap-northeast-2.amazonaws.com/fav2-scheduler:latest\",\"logConfiguration\":{\"logDriver\":\"awslogs\",\"options\":{\"awslogs-group\":\"/ecs/prodScheduler\",\"awslogs-region\":\"ap-northeast-2\",\"awslogs-stream-prefix\":\"ecs\"},\"secretOptions\":[]},\"mountPoints\":[],\"name\":\"prod-schedulerContainer\",\"portMappings\":[{\"containerPort\":3002,\"hostPort\":3002,\"name\":\"prod-schedulercontainer-3002-tcp\",\"protocol\":\"tcp\"}],\"systemControls\":[],\"volumesFrom\":[]}]",
                            "cpu": "512",
                            "ephemeral_storage.#": "0",
                            "execution_role_arn": "arn:aws:iam::108634952344:role/ProdStack-prodapiTaskExecutionRoleB8C0C458-2NGIO1SIZZLV",
                            "family": "ProdStackSchedulerTask",
                            "id": "ProdStackSchedulerTask",
                            "inference_accelerator.#": "0",
                            "ipc_mode": "",
                            "memory": "1024",
                            "network_mode": "awsvpc",
                            "pid_mode": "",
                            "placement_constraints.#": "0",
                            "proxy_configuration.#": "0",
                            "requires_compatibilities.#": "1",
                            "requires_compatibilities.0": "FARGATE",
                            "revision": "5",
                            "runtime_platform.#": "1",
                            "runtime_platform.0.cpu_architecture": "",
                            "runtime_platform.0.operating_system_family": "LINUX",
                            "tags.%": "0",
                            "tags_all.%": "0",
                            "task_role_arn": "arn:aws:iam::108634952344:role/ProdStack-prodapiTaskTaskRole18C9FAE4-1BVXGYZZ23UBG",
                            "track_latest": "false",
                            "volume.#": "0"
                        },
                        "meta": {
                            "schema_version": 1
                        },
                        "tainted": false
                    },
                    "deposed": [],
                    "provider": "provider.aws"
                },
                "aws_ecs_task_definition.tfer--task-definition-002F-ProdStackWorkerTask": {
                    "type": "aws_ecs_task_definition",
                    "depends_on": [],
                    "primary": {
                        "id": "ProdStackWorkerTask",
                        "attributes": {
                            "arn": "arn:aws:ecs:ap-northeast-2:108634952344:task-definition/ProdStackWorkerTask:5",
                            "arn_without_revision": "arn:aws:ecs:ap-northeast-2:108634952344:task-definition/ProdStackWorkerTask",
                            "container_definitions": "[{\"environment\":[{\"name\":\"GOOGLE_APPLICATION_CREDENTIALS\",\"value\":\"./fcm-prod.account-key.json\"},{\"name\":\"MYSQL_SECRETS_ARN\",\"value\":\"arn:aws:secretsmanager:ap-northeast-2:108634952344:secret:prod/aurora/mysql-3WGQES\"},{\"name\":\"NODE_ENV\",\"value\":\"prod\"},{\"name\":\"RABBITMQ_HOST\",\"value\":\"amqps://b-4cd9fcca-3fcc-4070-a8bf-c98ac2168ce1.mq.ap-northeast-2.amazonaws.com:5671\"},{\"name\":\"RABBITMQ_QUEUE\",\"value\":\"prod-rmq\"},{\"name\":\"REDIS_HOST\",\"value\":\"fav2-prod-redis-cluster.gjpidd.ng.0001.apn2.cache.amazonaws.com\"},{\"name\":\"REDIS_PORT\",\"value\":\"6379\"}],\"essential\":true,\"image\":\"108634952344.dkr.ecr.ap-northeast-2.amazonaws.com/fav2-worker:latest\",\"logConfiguration\":{\"logDriver\":\"awslogs\",\"options\":{\"awslogs-group\":\"/ecs/prodWorker\",\"awslogs-region\":\"ap-northeast-2\",\"awslogs-stream-prefix\":\"ecs\"},\"secretOptions\":[]},\"mountPoints\":[],\"name\":\"prod-workerContainer\",\"portMappings\":[{\"containerPort\":3003,\"hostPort\":3003,\"name\":\"prod-workercontainer-3003-tcp\",\"protocol\":\"tcp\"}],\"volumesFrom\":[]}]",
                            "cpu": "256",
                            "ephemeral_storage.#": "0",
                            "execution_role_arn": "arn:aws:iam::108634952344:role/ProdStack-prodapiTaskExecutionRoleB8C0C458-2NGIO1SIZZLV",
                            "family": "ProdStackWorkerTask",
                            "id": "ProdStackWorkerTask",
                            "inference_accelerator.#": "0",
                            "ipc_mode": "",
                            "memory": "512",
                            "network_mode": "awsvpc",
                            "pid_mode": "",
                            "placement_constraints.#": "0",
                            "proxy_configuration.#": "0",
                            "requires_compatibilities.#": "1",
                            "requires_compatibilities.0": "FARGATE",
                            "revision": "5",
                            "runtime_platform.#": "1",
                            "runtime_platform.0.cpu_architecture": "",
                            "runtime_platform.0.operating_system_family": "LINUX",
                            "tags.%": "0",
                            "tags_all.%": "0",
                            "task_role_arn": "arn:aws:iam::108634952344:role/ProdStack-prodapiTaskTaskRole18C9FAE4-1BVXGYZZ23UBG",
                            "track_latest": "false",
                            "volume.#": "0"
                        },
                        "meta": {
                            "schema_version": 1
                        },
                        "tainted": false
                    },
                    "deposed": [],
                    "provider": "provider.aws"
                },
                "aws_internet_gateway.tfer--igw-003ef9dc9e6080f61": {
                    "type": "aws_internet_gateway",
                    "depends_on": [],
                    "primary": {
                        "id": "igw-003ef9dc9e6080f61",
                        "attributes": {
                            "arn": "arn:aws:ec2:ap-northeast-2:108634952344:internet-gateway/igw-003ef9dc9e6080f61",
                            "id": "igw-003ef9dc9e6080f61",
                            "owner_id": "108634952344",
                            "tags.%": "1",
                            "tags.Name": "🚀InternetGateway",
                            "tags_all.%": "1",
                            "tags_all.Name": "🚀InternetGateway",
                            "vpc_id": "vpc-09ac47fd50a915cc8"
                        },
                        "meta": {
                            "schema_version": 0
                        },
                        "tainted": false
                    },
                    "deposed": [],
                    "provider": "provider.aws"
                },
                "aws_internet_gateway.tfer--igw-04d9862a01cceb427": {
                    "type": "aws_internet_gateway",
                    "depends_on": [],
                    "primary": {
                        "id": "igw-04d9862a01cceb427",
                        "attributes": {
                            "arn": "arn:aws:ec2:ap-northeast-2:108634952344:internet-gateway/igw-04d9862a01cceb427",
                            "id": "igw-04d9862a01cceb427",
                            "owner_id": "108634952344",
                            "tags.%": "1",
                            "tags.Name": "DevInternetGateway",
                            "tags_all.%": "1",
                            "tags_all.Name": "DevInternetGateway",
                            "vpc_id": "vpc-00122d1bf6c6ee0d4"
                        },
                        "meta": {
                            "schema_version": 0
                        },
                        "tainted": false
                    },
                    "deposed": [],
                    "provider": "provider.aws"
                },
                "aws_internet_gateway.tfer--igw-c9afc6a1": {
                    "type": "aws_internet_gateway",
                    "depends_on": [],
                    "primary": {
                        "id": "igw-c9afc6a1",
                        "attributes": {
                            "arn": "arn:aws:ec2:ap-northeast-2:108634952344:internet-gateway/igw-c9afc6a1",
                            "id": "igw-c9afc6a1",
                            "owner_id": "108634952344",
                            "tags.%": "1",
                            "tags.Name": "GeneralInternetGateway",
                            "tags_all.%": "1",
                            "tags_all.Name": "GeneralInternetGateway",
                            "vpc_id": "vpc-517bc13a"
                        },
                        "meta": {
                            "schema_version": 0
                        },
                        "tainted": false
                    },
                    "deposed": [],
                    "provider": "provider.aws"
                },
                "aws_main_route_table_association.tfer--vpc-00122d1bf6c6ee0d4": {
                    "type": "aws_main_route_table_association",
                    "depends_on": [],
                    "primary": {
                        "id": "rtbassoc-06d7dc1fa88d7aed8",
                        "attributes": {
                            "id": "rtbassoc-06d7dc1fa88d7aed8",
                            "route_table_id": "rtb-032a364481bf65e29",
                            "vpc_id": "vpc-00122d1bf6c6ee0d4"
                        },
                        "meta": {
                            "schema_version": 0
                        },
                        "tainted": false
                    },
                    "deposed": [],
                    "provider": "provider.aws"
                },
                "aws_main_route_table_association.tfer--vpc-09ac47fd50a915cc8": {
                    "type": "aws_main_route_table_association",
                    "depends_on": [],
                    "primary": {
                        "id": "rtbassoc-0605348ac047d34d3",
                        "attributes": {
                            "id": "rtbassoc-0605348ac047d34d3",
                            "route_table_id": "rtb-0c118f2f68764a209",
                            "vpc_id": "vpc-09ac47fd50a915cc8"
                        },
                        "meta": {
                            "schema_version": 0
                        },
                        "tainted": false
                    },
                    "deposed": [],
                    "provider": "provider.aws"
                },
                "aws_main_route_table_association.tfer--vpc-517bc13a": {
                    "type": "aws_main_route_table_association",
                    "depends_on": [],
                    "primary": {
                        "id": "rtbassoc-a150decb",
                        "attributes": {
                            "id": "rtbassoc-a150decb",
                            "route_table_id": "rtb-b44102df",
                            "vpc_id": "vpc-517bc13a"
                        },
                        "meta": {
                            "schema_version": 0
                        },
                        "tainted": false
                    },
                    "deposed": [],
                    "provider": "provider.aws"
                },
                "aws_nat_gateway.tfer--nat-009da3d3ab47e1f8c": {
                    "type": "aws_nat_gateway",
                    "depends_on": [],
                    "primary": {
                        "id": "nat-009da3d3ab47e1f8c",
                        "attributes": {
                            "allocation_id": "eipalloc-0741cf95c706791fa",
                            "association_id": "eipassoc-091a7bd6a8e9f1755",
                            "connectivity_type": "public",
                            "id": "nat-009da3d3ab47e1f8c",
                            "network_interface_id": "eni-0306796864947010d",
                            "private_ip": "10.1.0.33",
                            "public_ip": "3.38.23.115",
                            "secondary_allocation_ids.#": "0",
                            "secondary_private_ip_address_count": "0",
                            "secondary_private_ip_addresses.#": "0",
                            "subnet_id": "subnet-05f3099fb813700e2",
                            "tags.%": "1",
                            "tags.Name": "DevNATGatewayAz1",
                            "tags_all.%": "1",
                            "tags_all.Name": "DevNATGatewayAz1"
                        },
                        "meta": {
                            "schema_version": 0
                        },
                        "tainted": false
                    },
                    "deposed": [],
                    "provider": "provider.aws"
                },
                "aws_nat_gateway.tfer--nat-025edcd9b20c22793": {
                    "type": "aws_nat_gateway",
                    "depends_on": [],
                    "primary": {
                        "id": "nat-025edcd9b20c22793",
                        "attributes": {
                            "allocation_id": "eipalloc-0a9966025748189f8",
                            "association_id": "eipassoc-0b8ed0a2bfa78c1f8",
                            "connectivity_type": "public",
                            "id": "nat-025edcd9b20c22793",
                            "network_interface_id": "eni-00a3f1d3c470e025d",
                            "private_ip": "10.10.1.85",
                            "public_ip": "43.200.224.111",
                            "secondary_allocation_ids.#": "0",
                            "secondary_private_ip_address_count": "0",
                            "secondary_private_ip_addresses.#": "0",
                            "subnet_id": "subnet-0044a01eeeebcb089",
                            "tags.%": "1",
                            "tags.Name": "🚀NATGatewayAz2",
                            "tags_all.%": "1",
                            "tags_all.Name": "🚀NATGatewayAz2"
                        },
                        "meta": {
                            "schema_version": 0
                        },
                        "tainted": false
                    },
                    "deposed": [],
                    "provider": "provider.aws"
                },
                "aws_nat_gateway.tfer--nat-0945bd1f730db6e91": {
                    "type": "aws_nat_gateway",
                    "depends_on": [],
                    "primary": {
                        "id": "nat-0945bd1f730db6e91",
                        "attributes": {
                            "allocation_id": "eipalloc-0bcb19e3b9324352b",
                            "association_id": "eipassoc-0df4b004e5524797a",
                            "connectivity_type": "public",
                            "id": "nat-0945bd1f730db6e91",
                            "network_interface_id": "eni-02c3cea87260b512f",
                            "private_ip": "10.10.0.44",
                            "public_ip": "13.209.104.42",
                            "secondary_allocation_ids.#": "0",
                            "secondary_private_ip_address_count": "0",
                            "secondary_private_ip_addresses.#": "0",
                            "subnet_id": "subnet-081a4d09dda3e39f8",
                            "tags.%": "1",
                            "tags.Name": "🚀NATGatewayAz1",
                            "tags_all.%": "1",
                            "tags_all.Name": "🚀NATGatewayAz1"
                        },
                        "meta": {
                            "schema_version": 0
                        },
                        "tainted": false
                    },
                    "deposed": [],
                    "provider": "provider.aws"
                },
                "aws_nat_gateway.tfer--nat-0c42e9023cbde6064": {
                    "type": "aws_nat_gateway",
                    "depends_on": [],
                    "primary": {
                        "id": "nat-0c42e9023cbde6064",
                        "attributes": {
                            "allocation_id": "eipalloc-015bc43d011e05280",
                            "association_id": "eipassoc-0389b9aa081409c37",
                            "connectivity_type": "public",
                            "id": "nat-0c42e9023cbde6064",
                            "network_interface_id": "eni-057843b32e4ab47b7",
                            "private_ip": "10.1.1.57",
                            "public_ip": "3.39.156.249",
                            "secondary_allocation_ids.#": "0",
                            "secondary_private_ip_address_count": "0",
                            "secondary_private_ip_addresses.#": "0",
                            "subnet_id": "subnet-0fdaf6fe60c05f454",
                            "tags.%": "1",
                            "tags.Name": "DevNATGatewayAz2",
                            "tags_all.%": "1",
                            "tags_all.Name": "DevNATGatewayAz2"
                        },
                        "meta": {
                            "schema_version": 0
                        },
                        "tainted": false
                    },
                    "deposed": [],
                    "provider": "provider.aws"
                },
                "aws_route_table.tfer--rtb-013df2dbd781b548c": {
                    "type": "aws_route_table",
                    "depends_on": [],
                    "primary": {
                        "id": "rtb-013df2dbd781b548c",
                        "attributes": {
                            "arn": "arn:aws:ec2:ap-northeast-2:108634952344:route-table/rtb-013df2dbd781b548c",
                            "id": "rtb-013df2dbd781b548c",
                            "owner_id": "108634952344",
                            "propagating_vgws.#": "0",
                            "route.#": "1",
                            "route.0.carrier_gateway_id": "",
                            "route.0.cidr_block": "0.0.0.0/0",
                            "route.0.core_network_arn": "",
                            "route.0.destination_prefix_list_id": "",
                            "route.0.egress_only_gateway_id": "",
                            "route.0.gateway_id": "igw-04d9862a01cceb427",
                            "route.0.ipv6_cidr_block": "",
                            "route.0.local_gateway_id": "",
                            "route.0.nat_gateway_id": "",
                            "route.0.network_interface_id": "",
                            "route.0.transit_gateway_id": "",
                            "route.0.vpc_endpoint_id": "",
                            "route.0.vpc_peering_connection_id": "",
                            "tags.%": "1",
                            "tags.Name": "DevPublicAz1",
                            "tags_all.%": "1",
                            "tags_all.Name": "DevPublicAz1",
                            "vpc_id": "vpc-00122d1bf6c6ee0d4"
                        },
                        "meta": {
                            "schema_version": 0
                        },
                        "tainted": false
                    },
                    "deposed": [],
                    "provider": "provider.aws"
                },
                "aws_route_table.tfer--rtb-0268738ff3c8e530e": {
                    "type": "aws_route_table",
                    "depends_on": [],
                    "primary": {
                        "id": "rtb-0268738ff3c8e530e",
                        "attributes": {
                            "arn": "arn:aws:ec2:ap-northeast-2:108634952344:route-table/rtb-0268738ff3c8e530e",
                            "id": "rtb-0268738ff3c8e530e",
                            "owner_id": "108634952344",
                            "propagating_vgws.#": "0",
                            "route.#": "0",
                            "tags.%": "1",
                            "tags.Name": "DevRdsPrivateAz1",
                            "tags_all.%": "1",
                            "tags_all.Name": "DevRdsPrivateAz1",
                            "vpc_id": "vpc-00122d1bf6c6ee0d4"
                        },
                        "meta": {
                            "schema_version": 0
                        },
                        "tainted": false
                    },
                    "deposed": [],
                    "provider": "provider.aws"
                },
                "aws_route_table.tfer--rtb-032a364481bf65e29": {
                    "type": "aws_route_table",
                    "depends_on": [],
                    "primary": {
                        "id": "rtb-032a364481bf65e29",
                        "attributes": {
                            "arn": "arn:aws:ec2:ap-northeast-2:108634952344:route-table/rtb-032a364481bf65e29",
                            "id": "rtb-032a364481bf65e29",
                            "owner_id": "108634952344",
                            "propagating_vgws.#": "0",
                            "route.#": "0",
                            "tags.%": "1",
                            "tags.Name": "DevRdsPrivateAz2",
                            "tags_all.%": "1",
                            "tags_all.Name": "DevRdsPrivateAz2",
                            "vpc_id": "vpc-00122d1bf6c6ee0d4"
                        },
                        "meta": {
                            "schema_version": 0
                        },
                        "tainted": false
                    },
                    "deposed": [],
                    "provider": "provider.aws"
                },
                "aws_route_table.tfer--rtb-035b1eb80a5413989": {
                    "type": "aws_route_table",
                    "depends_on": [],
                    "primary": {
                        "id": "rtb-035b1eb80a5413989",
                        "attributes": {
                            "arn": "arn:aws:ec2:ap-northeast-2:108634952344:route-table/rtb-035b1eb80a5413989",
                            "id": "rtb-035b1eb80a5413989",
                            "owner_id": "108634952344",
                            "propagating_vgws.#": "0",
                            "route.#": "1",
                            "route.0.carrier_gateway_id": "",
                            "route.0.cidr_block": "0.0.0.0/0",
                            "route.0.core_network_arn": "",
                            "route.0.destination_prefix_list_id": "",
                            "route.0.egress_only_gateway_id": "",
                            "route.0.gateway_id": "igw-003ef9dc9e6080f61",
                            "route.0.ipv6_cidr_block": "",
                            "route.0.local_gateway_id": "",
                            "route.0.nat_gateway_id": "",
                            "route.0.network_interface_id": "",
                            "route.0.transit_gateway_id": "",
                            "route.0.vpc_endpoint_id": "",
                            "route.0.vpc_peering_connection_id": "",
                            "tags.%": "1",
                            "tags.Name": "🚀PublicAz2",
                            "tags_all.%": "1",
                            "tags_all.Name": "🚀PublicAz2",
                            "vpc_id": "vpc-09ac47fd50a915cc8"
                        },
                        "meta": {
                            "schema_version": 0
                        },
                        "tainted": false
                    },
                    "deposed": [],
                    "provider": "provider.aws"
                },
                "aws_route_table.tfer--rtb-0389b473e7c8d764a": {
                    "type": "aws_route_table",
                    "depends_on": [],
                    "primary": {
                        "id": "rtb-0389b473e7c8d764a",
                        "attributes": {
                            "arn": "arn:aws:ec2:ap-northeast-2:108634952344:route-table/rtb-0389b473e7c8d764a",
                            "id": "rtb-0389b473e7c8d764a",
                            "owner_id": "108634952344",
                            "propagating_vgws.#": "0",
                            "route.#": "1",
                            "route.0.carrier_gateway_id": "",
                            "route.0.cidr_block": "0.0.0.0/0",
                            "route.0.core_network_arn": "",
                            "route.0.destination_prefix_list_id": "",
                            "route.0.egress_only_gateway_id": "",
                            "route.0.gateway_id": "igw-c9afc6a1",
                            "route.0.ipv6_cidr_block": "",
                            "route.0.local_gateway_id": "",
                            "route.0.nat_gateway_id": "",
                            "route.0.network_interface_id": "",
                            "route.0.transit_gateway_id": "",
                            "route.0.vpc_endpoint_id": "",
                            "route.0.vpc_peering_connection_id": "",
                            "tags.%": "1",
                            "tags.Name": "GeneralPublicAz1",
                            "tags_all.%": "1",
                            "tags_all.Name": "GeneralPublicAz1",
                            "vpc_id": "vpc-517bc13a"
                        },
                        "meta": {
                            "schema_version": 0
                        },
                        "tainted": false
                    },
                    "deposed": [],
                    "provider": "provider.aws"
                },
                "aws_route_table.tfer--rtb-0490e789339223935": {
                    "type": "aws_route_table",
                    "depends_on": [],
                    "primary": {
                        "id": "rtb-0490e789339223935",
                        "attributes": {
                            "arn": "arn:aws:ec2:ap-northeast-2:108634952344:route-table/rtb-0490e789339223935",
                            "id": "rtb-0490e789339223935",
                            "owner_id": "108634952344",
                            "propagating_vgws.#": "0",
                            "route.#": "1",
                            "route.0.carrier_gateway_id": "",
                            "route.0.cidr_block": "0.0.0.0/0",
                            "route.0.core_network_arn": "",
                            "route.0.destination_prefix_list_id": "",
                            "route.0.egress_only_gateway_id": "",
                            "route.0.gateway_id": "",
                            "route.0.ipv6_cidr_block": "",
                            "route.0.local_gateway_id": "",
                            "route.0.nat_gateway_id": "nat-025edcd9b20c22793",
                            "route.0.network_interface_id": "",
                            "route.0.transit_gateway_id": "",
                            "route.0.vpc_endpoint_id": "",
                            "route.0.vpc_peering_connection_id": "",
                            "tags.%": "1",
                            "tags.Name": "🚀PrivateAz2",
                            "tags_all.%": "1",
                            "tags_all.Name": "🚀PrivateAz2",
                            "vpc_id": "vpc-09ac47fd50a915cc8"
                        },
                        "meta": {
                            "schema_version": 0
                        },
                        "tainted": false
                    },
                    "deposed": [],
                    "provider": "provider.aws"
                },
                "aws_route_table.tfer--rtb-06bb908f9b63de63f": {
                    "type": "aws_route_table",
                    "depends_on": [],
                    "primary": {
                        "id": "rtb-06bb908f9b63de63f",
                        "attributes": {
                            "arn": "arn:aws:ec2:ap-northeast-2:108634952344:route-table/rtb-06bb908f9b63de63f",
                            "id": "rtb-06bb908f9b63de63f",
                            "owner_id": "108634952344",
                            "propagating_vgws.#": "0",
                            "route.#": "0",
                            "tags.%": "1",
                            "tags.Name": "GeneralPrivateAz3",
                            "tags_all.%": "1",
                            "tags_all.Name": "GeneralPrivateAz3",
                            "vpc_id": "vpc-517bc13a"
                        },
                        "meta": {
                            "schema_version": 0
                        },
                        "tainted": false
                    },
                    "deposed": [],
                    "provider": "provider.aws"
                },
                "aws_route_table.tfer--rtb-0ad0b9a074bd2c63f": {
                    "type": "aws_route_table",
                    "depends_on": [],
                    "primary": {
                        "id": "rtb-0ad0b9a074bd2c63f",
                        "attributes": {
                            "arn": "arn:aws:ec2:ap-northeast-2:108634952344:route-table/rtb-0ad0b9a074bd2c63f",
                            "id": "rtb-0ad0b9a074bd2c63f",
                            "owner_id": "108634952344",
                            "propagating_vgws.#": "0",
                            "route.#": "1",
                            "route.0.carrier_gateway_id": "",
                            "route.0.cidr_block": "0.0.0.0/0",
                            "route.0.core_network_arn": "",
                            "route.0.destination_prefix_list_id": "",
                            "route.0.egress_only_gateway_id": "",
                            "route.0.gateway_id": "",
                            "route.0.ipv6_cidr_block": "",
                            "route.0.local_gateway_id": "",
                            "route.0.nat_gateway_id": "nat-009da3d3ab47e1f8c",
                            "route.0.network_interface_id": "",
                            "route.0.transit_gateway_id": "",
                            "route.0.vpc_endpoint_id": "",
                            "route.0.vpc_peering_connection_id": "",
                            "tags.%": "1",
                            "tags.Name": "DevPrivateAz1",
                            "tags_all.%": "1",
                            "tags_all.Name": "DevPrivateAz1",
                            "vpc_id": "vpc-00122d1bf6c6ee0d4"
                        },
                        "meta": {
                            "schema_version": 0
                        },
                        "tainted": false
                    },
                    "deposed": [],
                    "provider": "provider.aws"
                },
                "aws_route_table.tfer--rtb-0bc80879673f1d208": {
                    "type": "aws_route_table",
                    "depends_on": [],
                    "primary": {
                        "id": "rtb-0bc80879673f1d208",
                        "attributes": {
                            "arn": "arn:aws:ec2:ap-northeast-2:108634952344:route-table/rtb-0bc80879673f1d208",
                            "id": "rtb-0bc80879673f1d208",
                            "owner_id": "108634952344",
                            "propagating_vgws.#": "0",
                            "route.#": "1",
                            "route.0.carrier_gateway_id": "",
                            "route.0.cidr_block": "0.0.0.0/0",
                            "route.0.core_network_arn": "",
                            "route.0.destination_prefix_list_id": "",
                            "route.0.egress_only_gateway_id": "",
                            "route.0.gateway_id": "",
                            "route.0.ipv6_cidr_block": "",
                            "route.0.local_gateway_id": "",
                            "route.0.nat_gateway_id": "nat-0945bd1f730db6e91",
                            "route.0.network_interface_id": "",
                            "route.0.transit_gateway_id": "",
                            "route.0.vpc_endpoint_id": "",
                            "route.0.vpc_peering_connection_id": "",
                            "tags.%": "1",
                            "tags.Name": "🚀PrivateAz1",
                            "tags_all.%": "1",
                            "tags_all.Name": "🚀PrivateAz1",
                            "vpc_id": "vpc-09ac47fd50a915cc8"
                        },
                        "meta": {
                            "schema_version": 0
                        },
                        "tainted": false
                    },
                    "deposed": [],
                    "provider": "provider.aws"
                },
                "aws_route_table.tfer--rtb-0c118f2f68764a209": {
                    "type": "aws_route_table",
                    "depends_on": [],
                    "primary": {
                        "id": "rtb-0c118f2f68764a209",
                        "attributes": {
                            "arn": "arn:aws:ec2:ap-northeast-2:108634952344:route-table/rtb-0c118f2f68764a209",
                            "id": "rtb-0c118f2f68764a209",
                            "owner_id": "108634952344",
                            "propagating_vgws.#": "0",
                            "route.#": "0",
                            "tags.%": "1",
                            "tags.Name": "🚀RdsPrivateAz1",
                            "tags_all.%": "1",
                            "tags_all.Name": "🚀RdsPrivateAz1",
                            "vpc_id": "vpc-09ac47fd50a915cc8"
                        },
                        "meta": {
                            "schema_version": 0
                        },
                        "tainted": false
                    },
                    "deposed": [],
                    "provider": "provider.aws"
                },
                "aws_route_table.tfer--rtb-0d4a8f89131fa8716": {
                    "type": "aws_route_table",
                    "depends_on": [],
                    "primary": {
                        "id": "rtb-0d4a8f89131fa8716",
                        "attributes": {
                            "arn": "arn:aws:ec2:ap-northeast-2:108634952344:route-table/rtb-0d4a8f89131fa8716",
                            "id": "rtb-0d4a8f89131fa8716",
                            "owner_id": "108634952344",
                            "propagating_vgws.#": "0",
                            "route.#": "0",
                            "tags.%": "1",
                            "tags.Name": "🚀RdsPrivateAz2",
                            "tags_all.%": "1",
                            "tags_all.Name": "🚀RdsPrivateAz2",
                            "vpc_id": "vpc-09ac47fd50a915cc8"
                        },
                        "meta": {
                            "schema_version": 0
                        },
                        "tainted": false
                    },
                    "deposed": [],
                    "provider": "provider.aws"
                },
                "aws_route_table.tfer--rtb-0d5e2cdc18a70dd21": {
                    "type": "aws_route_table",
                    "depends_on": [],
                    "primary": {
                        "id": "rtb-0d5e2cdc18a70dd21",
                        "attributes": {
                            "arn": "arn:aws:ec2:ap-northeast-2:108634952344:route-table/rtb-0d5e2cdc18a70dd21",
                            "id": "rtb-0d5e2cdc18a70dd21",
                            "owner_id": "108634952344",
                            "propagating_vgws.#": "0",
                            "route.#": "1",
                            "route.0.carrier_gateway_id": "",
                            "route.0.cidr_block": "0.0.0.0/0",
                            "route.0.core_network_arn": "",
                            "route.0.destination_prefix_list_id": "",
                            "route.0.egress_only_gateway_id": "",
                            "route.0.gateway_id": "igw-04d9862a01cceb427",
                            "route.0.ipv6_cidr_block": "",
                            "route.0.local_gateway_id": "",
                            "route.0.nat_gateway_id": "",
                            "route.0.network_interface_id": "",
                            "route.0.transit_gateway_id": "",
                            "route.0.vpc_endpoint_id": "",
                            "route.0.vpc_peering_connection_id": "",
                            "tags.%": "1",
                            "tags.Name": "DevPublicAz2",
                            "tags_all.%": "1",
                            "tags_all.Name": "DevPublicAz2",
                            "vpc_id": "vpc-00122d1bf6c6ee0d4"
                        },
                        "meta": {
                            "schema_version": 0
                        },
                        "tainted": false
                    },
                    "deposed": [],
                    "provider": "provider.aws"
                },
                "aws_route_table.tfer--rtb-0d891b6b74d9cd092": {
                    "type": "aws_route_table",
                    "depends_on": [],
                    "primary": {
                        "id": "rtb-0d891b6b74d9cd092",
                        "attributes": {
                            "arn": "arn:aws:ec2:ap-northeast-2:108634952344:route-table/rtb-0d891b6b74d9cd092",
                            "id": "rtb-0d891b6b74d9cd092",
                            "owner_id": "108634952344",
                            "propagating_vgws.#": "0",
                            "route.#": "0",
                            "tags.%": "1",
                            "tags.Name": "GeneralPrivateAz1",
                            "tags_all.%": "1",
                            "tags_all.Name": "GeneralPrivateAz1",
                            "vpc_id": "vpc-517bc13a"
                        },
                        "meta": {
                            "schema_version": 0
                        },
                        "tainted": false
                    },
                    "deposed": [],
                    "provider": "provider.aws"
                },
                "aws_route_table.tfer--rtb-0db626255426dd783": {
                    "type": "aws_route_table",
                    "depends_on": [],
                    "primary": {
                        "id": "rtb-0db626255426dd783",
                        "attributes": {
                            "arn": "arn:aws:ec2:ap-northeast-2:108634952344:route-table/rtb-0db626255426dd783",
                            "id": "rtb-0db626255426dd783",
                            "owner_id": "108634952344",
                            "propagating_vgws.#": "0",
                            "route.#": "1",
                            "route.0.carrier_gateway_id": "",
                            "route.0.cidr_block": "0.0.0.0/0",
                            "route.0.core_network_arn": "",
                            "route.0.destination_prefix_list_id": "",
                            "route.0.egress_only_gateway_id": "",
                            "route.0.gateway_id": "igw-003ef9dc9e6080f61",
                            "route.0.ipv6_cidr_block": "",
                            "route.0.local_gateway_id": "",
                            "route.0.nat_gateway_id": "",
                            "route.0.network_interface_id": "",
                            "route.0.transit_gateway_id": "",
                            "route.0.vpc_endpoint_id": "",
                            "route.0.vpc_peering_connection_id": "",
                            "tags.%": "1",
                            "tags.Name": "🚀PublicAz1",
                            "tags_all.%": "1",
                            "tags_all.Name": "🚀PublicAz1",
                            "vpc_id": "vpc-09ac47fd50a915cc8"
                        },
                        "meta": {
                            "schema_version": 0
                        },
                        "tainted": false
                    },
                    "deposed": [],
                    "provider": "provider.aws"
                },
                "aws_route_table.tfer--rtb-0fe7ee8eb88ec84a7": {
                    "type": "aws_route_table",
                    "depends_on": [],
                    "primary": {
                        "id": "rtb-0fe7ee8eb88ec84a7",
                        "attributes": {
                            "arn": "arn:aws:ec2:ap-northeast-2:108634952344:route-table/rtb-0fe7ee8eb88ec84a7",
                            "id": "rtb-0fe7ee8eb88ec84a7",
                            "owner_id": "108634952344",
                            "propagating_vgws.#": "0",
                            "route.#": "1",
                            "route.0.carrier_gateway_id": "",
                            "route.0.cidr_block": "0.0.0.0/0",
                            "route.0.core_network_arn": "",
                            "route.0.destination_prefix_list_id": "",
                            "route.0.egress_only_gateway_id": "",
                            "route.0.gateway_id": "",
                            "route.0.ipv6_cidr_block": "",
                            "route.0.local_gateway_id": "",
                            "route.0.nat_gateway_id": "nat-0c42e9023cbde6064",
                            "route.0.network_interface_id": "",
                            "route.0.transit_gateway_id": "",
                            "route.0.vpc_endpoint_id": "",
                            "route.0.vpc_peering_connection_id": "",
                            "tags.%": "1",
                            "tags.Name": "DevPrivateAz2",
                            "tags_all.%": "1",
                            "tags_all.Name": "DevPrivateAz2",
                            "vpc_id": "vpc-00122d1bf6c6ee0d4"
                        },
                        "meta": {
                            "schema_version": 0
                        },
                        "tainted": false
                    },
                    "deposed": [],
                    "provider": "provider.aws"
                },
                "aws_route_table.tfer--rtb-b44102df": {
                    "type": "aws_route_table",
                    "depends_on": [],
                    "primary": {
                        "id": "rtb-b44102df",
                        "attributes": {
                            "arn": "arn:aws:ec2:ap-northeast-2:108634952344:route-table/rtb-b44102df",
                            "id": "rtb-b44102df",
                            "owner_id": "108634952344",
                            "propagating_vgws.#": "0",
                            "route.#": "1",
                            "route.0.carrier_gateway_id": "",
                            "route.0.cidr_block": "0.0.0.0/0",
                            "route.0.core_network_arn": "",
                            "route.0.destination_prefix_list_id": "",
                            "route.0.egress_only_gateway_id": "",
                            "route.0.gateway_id": "igw-c9afc6a1",
                            "route.0.ipv6_cidr_block": "",
                            "route.0.local_gateway_id": "",
                            "route.0.nat_gateway_id": "",
                            "route.0.network_interface_id": "",
                            "route.0.transit_gateway_id": "",
                            "route.0.vpc_endpoint_id": "",
                            "route.0.vpc_peering_connection_id": "",
                            "tags.%": "1",
                            "tags.Name": "GeneralPublicAz3",
                            "tags_all.%": "1",
                            "tags_all.Name": "GeneralPublicAz3",
                            "vpc_id": "vpc-517bc13a"
                        },
                        "meta": {
                            "schema_version": 0
                        },
                        "tainted": false
                    },
                    "deposed": [],
                    "provider": "provider.aws"
                },
                "aws_route_table_association.tfer--subnet-0044a01eeeebcb089": {
                    "type": "aws_route_table_association",
                    "depends_on": [],
                    "primary": {
                        "id": "rtbassoc-052fbb91f527c4d13",
                        "attributes": {
                            "gateway_id": "",
                            "id": "rtbassoc-052fbb91f527c4d13",
                            "route_table_id": "rtb-035b1eb80a5413989",
                            "subnet_id": "subnet-0044a01eeeebcb089"
                        },
                        "meta": {
                            "schema_version": 0
                        },
                        "tainted": false
                    },
                    "deposed": [],
                    "provider": "provider.aws"
                },
                "aws_route_table_association.tfer--subnet-012442689a6a7a80d": {
                    "type": "aws_route_table_association",
                    "depends_on": [],
                    "primary": {
                        "id": "rtbassoc-04bc6c483a5a88efb",
                        "attributes": {
                            "gateway_id": "",
                            "id": "rtbassoc-04bc6c483a5a88efb",
                            "route_table_id": "rtb-0d4a8f89131fa8716",
                            "subnet_id": "subnet-012442689a6a7a80d"
                        },
                        "meta": {
                            "schema_version": 0
                        },
                        "tainted": false
                    },
                    "deposed": [],
                    "provider": "provider.aws"
                },
                "aws_route_table_association.tfer--subnet-01bb4c7eeba090b5a": {
                    "type": "aws_route_table_association",
                    "depends_on": [],
                    "primary": {
                        "id": "rtbassoc-05120d50095499d5c",
                        "attributes": {
                            "gateway_id": "",
                            "id": "rtbassoc-05120d50095499d5c",
                            "route_table_id": "rtb-0c118f2f68764a209",
                            "subnet_id": "subnet-01bb4c7eeba090b5a"
                        },
                        "meta": {
                            "schema_version": 0
                        },
                        "tainted": false
                    },
                    "deposed": [],
                    "provider": "provider.aws"
                },
                "aws_route_table_association.tfer--subnet-02586dcbccca6798c": {
                    "type": "aws_route_table_association",
                    "depends_on": [],
                    "primary": {
                        "id": "rtbassoc-0d4f55d366ea1094d",
                        "attributes": {
                            "gateway_id": "",
                            "id": "rtbassoc-0d4f55d366ea1094d",
                            "route_table_id": "rtb-0ad0b9a074bd2c63f",
                            "subnet_id": "subnet-02586dcbccca6798c"
                        },
                        "meta": {
                            "schema_version": 0
                        },
                        "tainted": false
                    },
                    "deposed": [],
                    "provider": "provider.aws"
                },
                "aws_route_table_association.tfer--subnet-03acf6b6c115ba8d5": {
                    "type": "aws_route_table_association",
                    "depends_on": [],
                    "primary": {
                        "id": "rtbassoc-0b086f62a1d8836ff",
                        "attributes": {
                            "gateway_id": "",
                            "id": "rtbassoc-0b086f62a1d8836ff",
                            "route_table_id": "rtb-0490e789339223935",
                            "subnet_id": "subnet-03acf6b6c115ba8d5"
                        },
                        "meta": {
                            "schema_version": 0
                        },
                        "tainted": false
                    },
                    "deposed": [],
                    "provider": "provider.aws"
                },
                "aws_route_table_association.tfer--subnet-04b1415545ee0b240": {
                    "type": "aws_route_table_association",
                    "depends_on": [],
                    "primary": {
                        "id": "rtbassoc-0d3cf661e452c7490",
                        "attributes": {
                            "gateway_id": "",
                            "id": "rtbassoc-0d3cf661e452c7490",
                            "route_table_id": "rtb-0d891b6b74d9cd092",
                            "subnet_id": "subnet-04b1415545ee0b240"
                        },
                        "meta": {
                            "schema_version": 0
                        },
                        "tainted": false
                    },
                    "deposed": [],
                    "provider": "provider.aws"
                },
                "aws_route_table_association.tfer--subnet-05400104d3b76ec4b": {
                    "type": "aws_route_table_association",
                    "depends_on": [],
                    "primary": {
                        "id": "rtbassoc-0f5f81976efdbbe62",
                        "attributes": {
                            "gateway_id": "",
                            "id": "rtbassoc-0f5f81976efdbbe62",
                            "route_table_id": "rtb-032a364481bf65e29",
                            "subnet_id": "subnet-05400104d3b76ec4b"
                        },
                        "meta": {
                            "schema_version": 0
                        },
                        "tainted": false
                    },
                    "deposed": [],
                    "provider": "provider.aws"
                },
                "aws_route_table_association.tfer--subnet-05f3099fb813700e2": {
                    "type": "aws_route_table_association",
                    "depends_on": [],
                    "primary": {
                        "id": "rtbassoc-05fe2d00a8e9e7128",
                        "attributes": {
                            "gateway_id": "",
                            "id": "rtbassoc-05fe2d00a8e9e7128",
                            "route_table_id": "rtb-013df2dbd781b548c",
                            "subnet_id": "subnet-05f3099fb813700e2"
                        },
                        "meta": {
                            "schema_version": 0
                        },
                        "tainted": false
                    },
                    "deposed": [],
                    "provider": "provider.aws"
                },
                "aws_route_table_association.tfer--subnet-065cc6b92dd50998d": {
                    "type": "aws_route_table_association",
                    "depends_on": [],
                    "primary": {
                        "id": "rtbassoc-0896b1bf558eff56a",
                        "attributes": {
                            "gateway_id": "",
                            "id": "rtbassoc-0896b1bf558eff56a",
                            "route_table_id": "rtb-0fe7ee8eb88ec84a7",
                            "subnet_id": "subnet-065cc6b92dd50998d"
                        },
                        "meta": {
                            "schema_version": 0
                        },
                        "tainted": false
                    },
                    "deposed": [],
                    "provider": "provider.aws"
                },
                "aws_route_table_association.tfer--subnet-07a0aef129970fae7": {
                    "type": "aws_route_table_association",
                    "depends_on": [],
                    "primary": {
                        "id": "rtbassoc-0d148f5624b303866",
                        "attributes": {
                            "gateway_id": "",
                            "id": "rtbassoc-0d148f5624b303866",
                            "route_table_id": "rtb-0268738ff3c8e530e",
                            "subnet_id": "subnet-07a0aef129970fae7"
                        },
                        "meta": {
                            "schema_version": 0
                        },
                        "tainted": false
                    },
                    "deposed": [],
                    "provider": "provider.aws"
                },
                "aws_route_table_association.tfer--subnet-081a4d09dda3e39f8": {
                    "type": "aws_route_table_association",
                    "depends_on": [],
                    "primary": {
                        "id": "rtbassoc-0fb196e1ff10d70f7",
                        "attributes": {
                            "gateway_id": "",
                            "id": "rtbassoc-0fb196e1ff10d70f7",
                            "route_table_id": "rtb-0db626255426dd783",
                            "subnet_id": "subnet-081a4d09dda3e39f8"
                        },
                        "meta": {
                            "schema_version": 0
                        },
                        "tainted": false
                    },
                    "deposed": [],
                    "provider": "provider.aws"
                },
                "aws_route_table_association.tfer--subnet-0a17a219d0f7f17df": {
                    "type": "aws_route_table_association",
                    "depends_on": [],
                    "primary": {
                        "id": "rtbassoc-00e89e7f9da354e48",
                        "attributes": {
                            "gateway_id": "",
                            "id": "rtbassoc-00e89e7f9da354e48",
                            "route_table_id": "rtb-0bc80879673f1d208",
                            "subnet_id": "subnet-0a17a219d0f7f17df"
                        },
                        "meta": {
                            "schema_version": 0
                        },
                        "tainted": false
                    },
                    "deposed": [],
                    "provider": "provider.aws"
                },
                "aws_route_table_association.tfer--subnet-0c84fbb7bff2cfe87": {
                    "type": "aws_route_table_association",
                    "depends_on": [],
                    "primary": {
                        "id": "rtbassoc-0a6a8488981b4546b",
                        "attributes": {
                            "gateway_id": "",
                            "id": "rtbassoc-0a6a8488981b4546b",
                            "route_table_id": "rtb-06bb908f9b63de63f",
                            "subnet_id": "subnet-0c84fbb7bff2cfe87"
                        },
                        "meta": {
                            "schema_version": 0
                        },
                        "tainted": false
                    },
                    "deposed": [],
                    "provider": "provider.aws"
                },
                "aws_route_table_association.tfer--subnet-0fdaf6fe60c05f454": {
                    "type": "aws_route_table_association",
                    "depends_on": [],
                    "primary": {
                        "id": "rtbassoc-0673eed4c9753b231",
                        "attributes": {
                            "gateway_id": "",
                            "id": "rtbassoc-0673eed4c9753b231",
                            "route_table_id": "rtb-0d5e2cdc18a70dd21",
                            "subnet_id": "subnet-0fdaf6fe60c05f454"
                        },
                        "meta": {
                            "schema_version": 0
                        },
                        "tainted": false
                    },
                    "deposed": [],
                    "provider": "provider.aws"
                },
                "aws_route_table_association.tfer--subnet-cc3e8aa7": {
                    "type": "aws_route_table_association",
                    "depends_on": [],
                    "primary": {
                        "id": "rtbassoc-017fc40973759b620",
                        "attributes": {
                            "gateway_id": "",
                            "id": "rtbassoc-017fc40973759b620",
                            "route_table_id": "rtb-0389b473e7c8d764a",
                            "subnet_id": "subnet-cc3e8aa7"
                        },
                        "meta": {
                            "schema_version": 0
                        },
                        "tainted": false
                    },
                    "deposed": [],
                    "provider": "provider.aws"
                },
                "aws_route_table_association.tfer--subnet-f49d85b8": {
                    "type": "aws_route_table_association",
                    "depends_on": [],
                    "primary": {
                        "id": "rtbassoc-0e927a743cc845650",
                        "attributes": {
                            "gateway_id": "",
                            "id": "rtbassoc-0e927a743cc845650",
                            "route_table_id": "rtb-b44102df",
                            "subnet_id": "subnet-f49d85b8"
                        },
                        "meta": {
                            "schema_version": 0
                        },
                        "tainted": false
                    },
                    "deposed": [],
                    "provider": "provider.aws"
                },
                "aws_security_group.tfer--Amazon-QuickSight-access-002E-_sg-0ae426c0fb4a168c8": {
                    "type": "aws_security_group",
                    "depends_on": [],
                    "primary": {
                        "id": "sg-0ae426c0fb4a168c8",
                        "attributes": {
                            "arn": "arn:aws:ec2:ap-northeast-2:108634952344:security-group/sg-0ae426c0fb4a168c8",
                            "description": "Security Group for Quicksight",
                            "egress.#": "2",
                            "egress.0.cidr_blocks.#": "1",
                            "egress.0.cidr_blocks.0": "0.0.0.0/0",
                            "egress.0.description": "",
                            "egress.0.from_port": "0",
                            "egress.0.ipv6_cidr_blocks.#": "0",
                            "egress.0.prefix_list_ids.#": "0",
                            "egress.0.protocol": "-1",
                            "egress.0.security_groups.#": "0",
                            "egress.0.self": "false",
                            "egress.0.to_port": "0",
                            "egress.1.cidr_blocks.#": "0",
                            "egress.1.description": "",
                            "egress.1.from_port": "3306",
                            "egress.1.ipv6_cidr_blocks.#": "0",
                            "egress.1.prefix_list_ids.#": "0",
                            "egress.1.protocol": "tcp",
                            "egress.1.security_groups.#": "1",
                            "egress.1.security_groups.0": "sg-76fe530d",
                            "egress.1.self": "false",
                            "egress.1.to_port": "3306",
                            "id": "sg-0ae426c0fb4a168c8",
                            "ingress.#": "1",
                            "ingress.0.cidr_blocks.#": "0",
                            "ingress.0.description": "RDS Production",
                            "ingress.0.from_port": "0",
                            "ingress.0.ipv6_cidr_blocks.#": "0",
                            "ingress.0.prefix_list_ids.#": "0",
                            "ingress.0.protocol": "tcp",
                            "ingress.0.security_groups.#": "1",
                            "ingress.0.security_groups.0": "sg-76fe530d",
                            "ingress.0.self": "false",
                            "ingress.0.to_port": "65535",
                            "name": "Amazon-QuickSight-access.",
                            "name_prefix": "",
                            "owner_id": "108634952344",
                            "tags.%": "1",
                            "tags.Name": "v1 quicksight-seoul",
                            "tags_all.%": "1",
                            "tags_all.Name": "v1 quicksight-seoul",
                            "vpc_id": "vpc-517bc13a"
                        },
                        "meta": {
                            "schema_version": 1
                        },
                        "tainted": false
                    },
                    "deposed": [],
                    "provider": "provider.aws"
                },
                "aws_security_group.tfer--FleaauctionStack-fav2devalbsg9EA66EB1-1FGD5CS9OR5EU_sg-0601fbd0838c83fb8": {
                    "type": "aws_security_group",
                    "depends_on": [],
                    "primary": {
                        "id": "sg-0601fbd0838c83fb8",
                        "attributes": {
                            "arn": "arn:aws:ec2:ap-northeast-2:108634952344:security-group/sg-0601fbd0838c83fb8",
                            "description": "FleaauctionStack/fav2-dev-alb-sg",
                            "egress.#": "1",
                            "egress.0.cidr_blocks.#": "1",
                            "egress.0.cidr_blocks.0": "0.0.0.0/0",
                            "egress.0.description": "Allow all outbound traffic by default",
                            "egress.0.from_port": "0",
                            "egress.0.ipv6_cidr_blocks.#": "0",
                            "egress.0.prefix_list_ids.#": "0",
                            "egress.0.protocol": "-1",
                            "egress.0.security_groups.#": "0",
                            "egress.0.self": "false",
                            "egress.0.to_port": "0",
                            "id": "sg-0601fbd0838c83fb8",
                            "ingress.#": "2",
                            "ingress.0.cidr_blocks.#": "1",
                            "ingress.0.cidr_blocks.0": "0.0.0.0/0",
                            "ingress.0.description": "Allow from anyone on port 80",
                            "ingress.0.from_port": "80",
                            "ingress.0.ipv6_cidr_blocks.#": "0",
                            "ingress.0.prefix_list_ids.#": "0",
                            "ingress.0.protocol": "tcp",
                            "ingress.0.security_groups.#": "0",
                            "ingress.0.self": "false",
                            "ingress.0.to_port": "80",
                            "ingress.1.cidr_blocks.#": "1",
                            "ingress.1.cidr_blocks.0": "0.0.0.0/0",
                            "ingress.1.description": "from 0.0.0.0/0:443",
                            "ingress.1.from_port": "443",
                            "ingress.1.ipv6_cidr_blocks.#": "0",
                            "ingress.1.prefix_list_ids.#": "0",
                            "ingress.1.protocol": "tcp",
                            "ingress.1.security_groups.#": "0",
                            "ingress.1.self": "false",
                            "ingress.1.to_port": "443",
                            "name": "FleaauctionStack-fav2devalbsg9EA66EB1-1FGD5CS9OR5EU",
                            "name_prefix": "",
                            "owner_id": "108634952344",
                            "tags.%": "1",
                            "tags.Name": "dev-80,443",
                            "tags_all.%": "1",
                            "tags_all.Name": "dev-80,443",
                            "vpc_id": "vpc-00122d1bf6c6ee0d4"
                        },
                        "meta": {
                            "schema_version": 1
                        },
                        "tainted": false
                    },
                    "deposed": [],
                    "provider": "provider.aws"
                },
                "aws_security_group.tfer--FleaauctionStack-fav2devapisg6FE57974-AF5P8B9Z71ZP_sg-04bedd098f6771c92": {
                    "type": "aws_security_group",
                    "depends_on": [],
                    "primary": {
                        "id": "sg-04bedd098f6771c92",
                        "attributes": {
                            "arn": "arn:aws:ec2:ap-northeast-2:108634952344:security-group/sg-04bedd098f6771c92",
                            "description": "FleaauctionStack/fav2-dev-api-sg",
                            "egress.#": "1",
                            "egress.0.cidr_blocks.#": "1",
                            "egress.0.cidr_blocks.0": "0.0.0.0/0",
                            "egress.0.description": "Allow all outbound traffic by default",
                            "egress.0.from_port": "0",
                            "egress.0.ipv6_cidr_blocks.#": "0",
                            "egress.0.prefix_list_ids.#": "0",
                            "egress.0.protocol": "-1",
                            "egress.0.security_groups.#": "0",
                            "egress.0.self": "false",
                            "egress.0.to_port": "0",
                            "id": "sg-04bedd098f6771c92",
                            "ingress.#": "1",
                            "ingress.0.cidr_blocks.#": "0",
                            "ingress.0.description": "from sg-0601fbd0838c83fb8:3001",
                            "ingress.0.from_port": "3001",
                            "ingress.0.ipv6_cidr_blocks.#": "0",
                            "ingress.0.prefix_list_ids.#": "0",
                            "ingress.0.protocol": "tcp",
                            "ingress.0.security_groups.#": "1",
                            "ingress.0.security_groups.0": "sg-0601fbd0838c83fb8",
                            "ingress.0.self": "false",
                            "ingress.0.to_port": "3001",
                            "name": "FleaauctionStack-fav2devapisg6FE57974-AF5P8B9Z71ZP",
                            "name_prefix": "",
                            "owner_id": "108634952344",
                            "tags.%": "1",
                            "tags.Name": "dev-3001",
                            "tags_all.%": "1",
                            "tags_all.Name": "dev-3001",
                            "vpc_id": "vpc-00122d1bf6c6ee0d4"
                        },
                        "meta": {
                            "schema_version": 1
                        },
                        "tainted": false
                    },
                    "deposed": [],
                    "provider": "provider.aws"
                },
                "aws_security_group.tfer--FleaauctionStack-fav2devschedulersg_sg-0f74bd119805c6d9a": {
                    "type": "aws_security_group",
                    "depends_on": [],
                    "primary": {
                        "id": "sg-0f74bd119805c6d9a",
                        "attributes": {
                            "arn": "arn:aws:ec2:ap-northeast-2:108634952344:security-group/sg-0f74bd119805c6d9a",
                            "description": "FleaauctionStack/fav2-dev-scheduler-sg",
                            "egress.#": "1",
                            "egress.0.cidr_blocks.#": "1",
                            "egress.0.cidr_blocks.0": "0.0.0.0/0",
                            "egress.0.description": "",
                            "egress.0.from_port": "0",
                            "egress.0.ipv6_cidr_blocks.#": "0",
                            "egress.0.prefix_list_ids.#": "0",
                            "egress.0.protocol": "-1",
                            "egress.0.security_groups.#": "0",
                            "egress.0.self": "false",
                            "egress.0.to_port": "0",
                            "id": "sg-0f74bd119805c6d9a",
                            "ingress.#": "1",
                            "ingress.0.cidr_blocks.#": "1",
                            "ingress.0.cidr_blocks.0": "0.0.0.0/0",
                            "ingress.0.description": "",
                            "ingress.0.from_port": "3002",
                            "ingress.0.ipv6_cidr_blocks.#": "0",
                            "ingress.0.prefix_list_ids.#": "0",
                            "ingress.0.protocol": "tcp",
                            "ingress.0.security_groups.#": "0",
                            "ingress.0.self": "false",
                            "ingress.0.to_port": "3002",
                            "name": "FleaauctionStack-fav2devschedulersg",
                            "name_prefix": "",
                            "owner_id": "108634952344",
                            "tags.%": "1",
                            "tags.Name": "dev-3002",
                            "tags_all.%": "1",
                            "tags_all.Name": "dev-3002",
                            "vpc_id": "vpc-00122d1bf6c6ee0d4"
                        },
                        "meta": {
                            "schema_version": 1
                        },
                        "tainted": false
                    },
                    "deposed": [],
                    "provider": "provider.aws"
                },
                "aws_security_group.tfer--FleaauctionStack-fav2devworkersg_sg-07dc5b049fc15f995": {
                    "type": "aws_security_group",
                    "depends_on": [],
                    "primary": {
                        "id": "sg-07dc5b049fc15f995",
                        "attributes": {
                            "arn": "arn:aws:ec2:ap-northeast-2:108634952344:security-group/sg-07dc5b049fc15f995",
                            "description": "FleaauctionStack/fav2-dev-worker-sg",
                            "egress.#": "1",
                            "egress.0.cidr_blocks.#": "1",
                            "egress.0.cidr_blocks.0": "0.0.0.0/0",
                            "egress.0.description": "",
                            "egress.0.from_port": "0",
                            "egress.0.ipv6_cidr_blocks.#": "0",
                            "egress.0.prefix_list_ids.#": "0",
                            "egress.0.protocol": "-1",
                            "egress.0.security_groups.#": "0",
                            "egress.0.self": "false",
                            "egress.0.to_port": "0",
                            "id": "sg-07dc5b049fc15f995",
                            "ingress.#": "1",
                            "ingress.0.cidr_blocks.#": "1",
                            "ingress.0.cidr_blocks.0": "0.0.0.0/0",
                            "ingress.0.description": "",
                            "ingress.0.from_port": "3003",
                            "ingress.0.ipv6_cidr_blocks.#": "0",
                            "ingress.0.prefix_list_ids.#": "0",
                            "ingress.0.protocol": "tcp",
                            "ingress.0.security_groups.#": "0",
                            "ingress.0.self": "false",
                            "ingress.0.to_port": "3003",
                            "name": "FleaauctionStack-fav2devworkersg",
                            "name_prefix": "",
                            "owner_id": "108634952344",
                            "tags.%": "1",
                            "tags.Name": "dev-3003",
                            "tags_all.%": "1",
                            "tags_all.Name": "dev-3003",
                            "vpc_id": "vpc-00122d1bf6c6ee0d4"
                        },
                        "meta": {
                            "schema_version": 1
                        },
                        "tainted": false
                    },
                    "deposed": [],
                    "provider": "provider.aws"
                },
                "aws_security_group.tfer--ProdStack-prodalbSGE031BA83-SHU6CJIF2BV9_sg-04d1091292d7be5b8": {
                    "type": "aws_security_group",
                    "depends_on": [],
                    "primary": {
                        "id": "sg-04d1091292d7be5b8",
                        "attributes": {
                            "arn": "arn:aws:ec2:ap-northeast-2:108634952344:security-group/sg-04d1091292d7be5b8",
                            "description": "ProdStack/prod-albSG",
                            "egress.#": "1",
                            "egress.0.cidr_blocks.#": "1",
                            "egress.0.cidr_blocks.0": "0.0.0.0/0",
                            "egress.0.description": "Allow all outbound traffic by default",
                            "egress.0.from_port": "0",
                            "egress.0.ipv6_cidr_blocks.#": "0",
                            "egress.0.prefix_list_ids.#": "0",
                            "egress.0.protocol": "-1",
                            "egress.0.security_groups.#": "0",
                            "egress.0.self": "false",
                            "egress.0.to_port": "0",
                            "id": "sg-04d1091292d7be5b8",
                            "ingress.#": "2",
                            "ingress.0.cidr_blocks.#": "1",
                            "ingress.0.cidr_blocks.0": "0.0.0.0/0",
                            "ingress.0.description": "Allow from anyone on port 80",
                            "ingress.0.from_port": "80",
                            "ingress.0.ipv6_cidr_blocks.#": "0",
                            "ingress.0.prefix_list_ids.#": "0",
                            "ingress.0.protocol": "tcp",
                            "ingress.0.security_groups.#": "0",
                            "ingress.0.self": "false",
                            "ingress.0.to_port": "80",
                            "ingress.1.cidr_blocks.#": "1",
                            "ingress.1.cidr_blocks.0": "0.0.0.0/0",
                            "ingress.1.description": "from 0.0.0.0/0:443",
                            "ingress.1.from_port": "443",
                            "ingress.1.ipv6_cidr_blocks.#": "0",
                            "ingress.1.prefix_list_ids.#": "0",
                            "ingress.1.protocol": "tcp",
                            "ingress.1.security_groups.#": "0",
                            "ingress.1.self": "false",
                            "ingress.1.to_port": "443",
                            "name": "ProdStack-prodalbSGE031BA83-SHU6CJIF2BV9",
                            "name_prefix": "",
                            "owner_id": "108634952344",
                            "tags.%": "1",
                            "tags.Name": "prod-80,443",
                            "tags_all.%": "1",
                            "tags_all.Name": "prod-80,443",
                            "vpc_id": "vpc-09ac47fd50a915cc8"
                        },
                        "meta": {
                            "schema_version": 1
                        },
                        "tainted": false
                    },
                    "deposed": [],
                    "provider": "provider.aws"
                },
                "aws_security_group.tfer--ProdStack-prodapiSrvSG950BE6F4-3X4EWI8M83DV_sg-029282e2706c114d0": {
                    "type": "aws_security_group",
                    "depends_on": [],
                    "primary": {
                        "id": "sg-029282e2706c114d0",
                        "attributes": {
                            "arn": "arn:aws:ec2:ap-northeast-2:108634952344:security-group/sg-029282e2706c114d0",
                            "description": "ProdStack/prod-apiSrvSG",
                            "egress.#": "1",
                            "egress.0.cidr_blocks.#": "1",
                            "egress.0.cidr_blocks.0": "0.0.0.0/0",
                            "egress.0.description": "Allow all outbound traffic by default",
                            "egress.0.from_port": "0",
                            "egress.0.ipv6_cidr_blocks.#": "0",
                            "egress.0.prefix_list_ids.#": "0",
                            "egress.0.protocol": "-1",
                            "egress.0.security_groups.#": "0",
                            "egress.0.self": "false",
                            "egress.0.to_port": "0",
                            "id": "sg-029282e2706c114d0",
                            "ingress.#": "1",
                            "ingress.0.cidr_blocks.#": "0",
                            "ingress.0.description": "from sg-04d1091292d7be5b8:3001",
                            "ingress.0.from_port": "3001",
                            "ingress.0.ipv6_cidr_blocks.#": "0",
                            "ingress.0.prefix_list_ids.#": "0",
                            "ingress.0.protocol": "tcp",
                            "ingress.0.security_groups.#": "1",
                            "ingress.0.security_groups.0": "sg-04d1091292d7be5b8",
                            "ingress.0.self": "false",
                            "ingress.0.to_port": "3001",
                            "name": "ProdStack-prodapiSrvSG950BE6F4-3X4EWI8M83DV",
                            "name_prefix": "",
                            "owner_id": "108634952344",
                            "tags.%": "1",
                            "tags.Name": "prod-3001",
                            "tags_all.%": "1",
                            "tags_all.Name": "prod-3001",
                            "vpc_id": "vpc-09ac47fd50a915cc8"
                        },
                        "meta": {
                            "schema_version": 1
                        },
                        "tainted": false
                    },
                    "deposed": [],
                    "provider": "provider.aws"
                },
                "aws_security_group.tfer--default_sg-0272dcf831a814e29": {
                    "type": "aws_security_group",
                    "depends_on": [],
                    "primary": {
                        "id": "sg-0272dcf831a814e29",
                        "attributes": {
                            "arn": "arn:aws:ec2:ap-northeast-2:108634952344:security-group/sg-0272dcf831a814e29",
                            "description": "default VPC security group",
                            "egress.#": "1",
                            "egress.0.cidr_blocks.#": "1",
                            "egress.0.cidr_blocks.0": "0.0.0.0/0",
                            "egress.0.description": "",
                            "egress.0.from_port": "0",
                            "egress.0.ipv6_cidr_blocks.#": "0",
                            "egress.0.prefix_list_ids.#": "0",
                            "egress.0.protocol": "-1",
                            "egress.0.security_groups.#": "0",
                            "egress.0.self": "false",
                            "egress.0.to_port": "0",
                            "id": "sg-0272dcf831a814e29",
                            "ingress.#": "1",
                            "ingress.0.cidr_blocks.#": "0",
                            "ingress.0.description": "",
                            "ingress.0.from_port": "0",
                            "ingress.0.ipv6_cidr_blocks.#": "0",
                            "ingress.0.prefix_list_ids.#": "0",
                            "ingress.0.protocol": "-1",
                            "ingress.0.security_groups.#": "0",
                            "ingress.0.self": "true",
                            "ingress.0.to_port": "0",
                            "name": "default",
                            "name_prefix": "",
                            "owner_id": "108634952344",
                            "tags.%": "1",
                            "tags.Name": "prod-all-from-self",
                            "tags_all.%": "1",
                            "tags_all.Name": "prod-all-from-self",
                            "vpc_id": "vpc-09ac47fd50a915cc8"
                        },
                        "meta": {
                            "schema_version": 1
                        },
                        "tainted": false
                    },
                    "deposed": [],
                    "provider": "provider.aws"
                },
                "aws_security_group.tfer--default_sg-0b7350d6eac2679c2": {
                    "type": "aws_security_group",
                    "depends_on": [],
                    "primary": {
                        "id": "sg-0b7350d6eac2679c2",
                        "attributes": {
                            "arn": "arn:aws:ec2:ap-northeast-2:108634952344:security-group/sg-0b7350d6eac2679c2",
                            "description": "default VPC security group",
                            "egress.#": "1",
                            "egress.0.cidr_blocks.#": "1",
                            "egress.0.cidr_blocks.0": "0.0.0.0/0",
                            "egress.0.description": "",
                            "egress.0.from_port": "0",
                            "egress.0.ipv6_cidr_blocks.#": "0",
                            "egress.0.prefix_list_ids.#": "0",
                            "egress.0.protocol": "-1",
                            "egress.0.security_groups.#": "0",
                            "egress.0.self": "false",
                            "egress.0.to_port": "0",
                            "id": "sg-0b7350d6eac2679c2",
                            "ingress.#": "1",
                            "ingress.0.cidr_blocks.#": "0",
                            "ingress.0.description": "",
                            "ingress.0.from_port": "0",
                            "ingress.0.ipv6_cidr_blocks.#": "0",
                            "ingress.0.prefix_list_ids.#": "0",
                            "ingress.0.protocol": "-1",
                            "ingress.0.security_groups.#": "0",
                            "ingress.0.self": "true",
                            "ingress.0.to_port": "0",
                            "name": "default",
                            "name_prefix": "",
                            "owner_id": "108634952344",
                            "tags.%": "1",
                            "tags.Name": "dev-all-from-self",
                            "tags_all.%": "1",
                            "tags_all.Name": "dev-all-from-self",
                            "vpc_id": "vpc-00122d1bf6c6ee0d4"
                        },
                        "meta": {
                            "schema_version": 1
                        },
                        "tainted": false
                    },
                    "deposed": [],
                    "provider": "provider.aws"
                },
                "aws_security_group.tfer--default_sg-76fe530d": {
                    "type": "aws_security_group",
                    "depends_on": [],
                    "primary": {
                        "id": "sg-76fe530d",
                        "attributes": {
                            "arn": "arn:aws:ec2:ap-northeast-2:108634952344:security-group/sg-76fe530d",
                            "description": "default VPC security group",
                            "egress.#": "2",
                            "egress.0.cidr_blocks.#": "1",
                            "egress.0.cidr_blocks.0": "0.0.0.0/0",
                            "egress.0.description": "",
                            "egress.0.from_port": "0",
                            "egress.0.ipv6_cidr_blocks.#": "0",
                            "egress.0.prefix_list_ids.#": "0",
                            "egress.0.protocol": "-1",
                            "egress.0.security_groups.#": "0",
                            "egress.0.self": "false",
                            "egress.0.to_port": "0",
                            "egress.1.cidr_blocks.#": "0",
                            "egress.1.description": "quicksight-seoul",
                            "egress.1.from_port": "0",
                            "egress.1.ipv6_cidr_blocks.#": "0",
                            "egress.1.prefix_list_ids.#": "0",
                            "egress.1.protocol": "tcp",
                            "egress.1.security_groups.#": "1",
                            "egress.1.security_groups.0": "sg-0ae426c0fb4a168c8",
                            "egress.1.self": "false",
                            "egress.1.to_port": "65535",
                            "id": "sg-76fe530d",
                            "ingress.#": "2",
                            "ingress.0.cidr_blocks.#": "0",
                            "ingress.0.description": "",
                            "ingress.0.from_port": "0",
                            "ingress.0.ipv6_cidr_blocks.#": "0",
                            "ingress.0.prefix_list_ids.#": "0",
                            "ingress.0.protocol": "-1",
                            "ingress.0.security_groups.#": "0",
                            "ingress.0.self": "true",
                            "ingress.0.to_port": "0",
                            "ingress.1.cidr_blocks.#": "0",
                            "ingress.1.description": "",
                            "ingress.1.from_port": "3306",
                            "ingress.1.ipv6_cidr_blocks.#": "0",
                            "ingress.1.prefix_list_ids.#": "0",
                            "ingress.1.protocol": "tcp",
                            "ingress.1.security_groups.#": "2",
                            "ingress.1.security_groups.0": "sg-0ae426c0fb4a168c8",
                            "ingress.1.security_groups.1": "sg-0afbb7d39e20736c0",
                            "ingress.1.self": "false",
                            "ingress.1.to_port": "3306",
                            "name": "default",
                            "name_prefix": "",
                            "owner_id": "108634952344",
                            "tags.%": "1",
                            "tags.Name": "v1 mysql-8-0-prod",
                            "tags_all.%": "1",
                            "tags_all.Name": "v1 mysql-8-0-prod",
                            "vpc_id": "vpc-517bc13a"
                        },
                        "meta": {
                            "schema_version": 1
                        },
                        "tainted": false
                    },
                    "deposed": [],
                    "provider": "provider.aws"
                },
                "aws_security_group.tfer--ec2-rds-1_sg-07fd1b3ca1c4c5b0a": {
                    "type": "aws_security_group",
                    "depends_on": [],
                    "primary": {
                        "id": "sg-07fd1b3ca1c4c5b0a",
                        "attributes": {
                            "arn": "arn:aws:ec2:ap-northeast-2:108634952344:security-group/sg-07fd1b3ca1c4c5b0a",
                            "description": "Security group attached to instances to securely connect to aurora-test. Modification could lead to connection loss.",
                            "egress.#": "1",
                            "egress.0.cidr_blocks.#": "0",
                            "egress.0.description": "Rule to allow connections to aurora-test from any instances this security group is attached to",
                            "egress.0.from_port": "3306",
                            "egress.0.ipv6_cidr_blocks.#": "0",
                            "egress.0.prefix_list_ids.#": "0",
                            "egress.0.protocol": "tcp",
                            "egress.0.security_groups.#": "1",
                            "egress.0.security_groups.0": "sg-005282b733a5118ca",
                            "egress.0.self": "false",
                            "egress.0.to_port": "3306",
                            "id": "sg-07fd1b3ca1c4c5b0a",
                            "ingress.#": "0",
                            "name": "ec2-rds-1",
                            "name_prefix": "",
                            "owner_id": "108634952344",
                            "tags.%": "1",
                            "tags.Name": "dev-out-3306",
                            "tags_all.%": "1",
                            "tags_all.Name": "dev-out-3306",
                            "vpc_id": "vpc-00122d1bf6c6ee0d4"
                        },
                        "meta": {
                            "schema_version": 1
                        },
                        "tainted": false
                    },
                    "deposed": [],
                    "provider": "provider.aws"
                },
                "aws_security_group.tfer--ec2-rds-2_sg-0027a06fe29db3552": {
                    "type": "aws_security_group",
                    "depends_on": [],
                    "primary": {
                        "id": "sg-0027a06fe29db3552",
                        "attributes": {
                            "arn": "arn:aws:ec2:ap-northeast-2:108634952344:security-group/sg-0027a06fe29db3552",
                            "description": "Security group attached to instances to securely connect to mysql8. Modification could lead to connection loss.",
                            "egress.#": "1",
                            "egress.0.cidr_blocks.#": "0",
                            "egress.0.description": "Rule to allow connections to mysql8 from any instances this security group is attached to",
                            "egress.0.from_port": "3306",
                            "egress.0.ipv6_cidr_blocks.#": "0",
                            "egress.0.prefix_list_ids.#": "0",
                            "egress.0.protocol": "tcp",
                            "egress.0.security_groups.#": "1",
                            "egress.0.security_groups.0": "sg-0df42802facae2566",
                            "egress.0.self": "false",
                            "egress.0.to_port": "3306",
                            "id": "sg-0027a06fe29db3552",
                            "ingress.#": "0",
                            "name": "ec2-rds-2",
                            "name_prefix": "",
                            "owner_id": "108634952344",
                            "tags.%": "1",
                            "tags.Name": "nest-rds",
                            "tags_all.%": "1",
                            "tags_all.Name": "nest-rds",
                            "vpc_id": "vpc-517bc13a"
                        },
                        "meta": {
                            "schema_version": 1
                        },
                        "tainted": false
                    },
                    "deposed": [],
                    "provider": "provider.aws"
                },
                "aws_security_group.tfer--fav2-bastion-sg_sg-03339a4c84cb3f068": {
                    "type": "aws_security_group",
                    "depends_on": [],
                    "primary": {
                        "id": "sg-03339a4c84cb3f068",
                        "attributes": {
                            "arn": "arn:aws:ec2:ap-northeast-2:108634952344:security-group/sg-03339a4c84cb3f068",
                            "description": "bastion host security group",
                            "egress.#": "1",
                            "egress.0.cidr_blocks.#": "1",
                            "egress.0.cidr_blocks.0": "0.0.0.0/0",
                            "egress.0.description": "Allow all outbound traffic by default",
                            "egress.0.from_port": "0",
                            "egress.0.ipv6_cidr_blocks.#": "0",
                            "egress.0.prefix_list_ids.#": "0",
                            "egress.0.protocol": "-1",
                            "egress.0.security_groups.#": "0",
                            "egress.0.self": "false",
                            "egress.0.to_port": "0",
                            "id": "sg-03339a4c84cb3f068",
                            "ingress.#": "1",
                            "ingress.0.cidr_blocks.#": "1",
                            "ingress.0.cidr_blocks.0": "0.0.0.0/0",
                            "ingress.0.description": "SSH",
                            "ingress.0.from_port": "22",
                            "ingress.0.ipv6_cidr_blocks.#": "0",
                            "ingress.0.prefix_list_ids.#": "0",
                            "ingress.0.protocol": "tcp",
                            "ingress.0.security_groups.#": "0",
                            "ingress.0.self": "false",
                            "ingress.0.to_port": "22",
                            "name": "fav2-bastion-sg",
                            "name_prefix": "",
                            "owner_id": "108634952344",
                            "tags.%": "1",
                            "tags.Name": "dev-22",
                            "tags_all.%": "1",
                            "tags_all.Name": "dev-22",
                            "vpc_id": "vpc-00122d1bf6c6ee0d4"
                        },
                        "meta": {
                            "schema_version": 1
                        },
                        "tainted": false
                    },
                    "deposed": [],
                    "provider": "provider.aws"
                },
                "aws_security_group.tfer--fav2-dev-mysql-sg_sg-043112ebd1692e538": {
                    "type": "aws_security_group",
                    "depends_on": [],
                    "primary": {
                        "id": "sg-043112ebd1692e538",
                        "attributes": {
                            "arn": "arn:aws:ec2:ap-northeast-2:108634952344:security-group/sg-043112ebd1692e538",
                            "description": "MySQL security group",
                            "egress.#": "1",
                            "egress.0.cidr_blocks.#": "1",
                            "egress.0.cidr_blocks.0": "0.0.0.0/0",
                            "egress.0.description": "Allow all outbound traffic by default",
                            "egress.0.from_port": "0",
                            "egress.0.ipv6_cidr_blocks.#": "0",
                            "egress.0.prefix_list_ids.#": "0",
                            "egress.0.protocol": "-1",
                            "egress.0.security_groups.#": "0",
                            "egress.0.self": "false",
                            "egress.0.to_port": "0",
                            "id": "sg-043112ebd1692e538",
                            "ingress.#": "2",
                            "ingress.0.cidr_blocks.#": "1",
                            "ingress.0.cidr_blocks.0": "0.0.0.0/0",
                            "ingress.0.description": "MySQL",
                            "ingress.0.from_port": "3306",
                            "ingress.0.ipv6_cidr_blocks.#": "0",
                            "ingress.0.prefix_list_ids.#": "0",
                            "ingress.0.protocol": "tcp",
                            "ingress.0.security_groups.#": "0",
                            "ingress.0.self": "false",
                            "ingress.0.to_port": "3306",
                            "ingress.1.cidr_blocks.#": "0",
                            "ingress.1.description": "traffic from self",
                            "ingress.1.from_port": "0",
                            "ingress.1.ipv6_cidr_blocks.#": "0",
                            "ingress.1.prefix_list_ids.#": "0",
                            "ingress.1.protocol": "-1",
                            "ingress.1.security_groups.#": "0",
                            "ingress.1.self": "true",
                            "ingress.1.to_port": "0",
                            "name": "fav2-dev-mysql-sg",
                            "name_prefix": "",
                            "owner_id": "108634952344",
                            "tags.%": "1",
                            "tags.Name": "dev-3306,all-from-self",
                            "tags_all.%": "1",
                            "tags_all.Name": "dev-3306,all-from-self",
                            "vpc_id": "vpc-00122d1bf6c6ee0d4"
                        },
                        "meta": {
                            "schema_version": 1
                        },
                        "tainted": false
                    },
                    "deposed": [],
                    "provider": "provider.aws"
                },
                "aws_security_group.tfer--fav2-dev-redis-sg_sg-0d7cb8e3cb43f8c37": {
                    "type": "aws_security_group",
                    "depends_on": [],
                    "primary": {
                        "id": "sg-0d7cb8e3cb43f8c37",
                        "attributes": {
                            "arn": "arn:aws:ec2:ap-northeast-2:108634952344:security-group/sg-0d7cb8e3cb43f8c37",
                            "description": "Redis security group",
                            "egress.#": "1",
                            "egress.0.cidr_blocks.#": "1",
                            "egress.0.cidr_blocks.0": "0.0.0.0/0",
                            "egress.0.description": "Allow all outbound traffic by default",
                            "egress.0.from_port": "0",
                            "egress.0.ipv6_cidr_blocks.#": "0",
                            "egress.0.prefix_list_ids.#": "0",
                            "egress.0.protocol": "-1",
                            "egress.0.security_groups.#": "0",
                            "egress.0.self": "false",
                            "egress.0.to_port": "0",
                            "id": "sg-0d7cb8e3cb43f8c37",
                            "ingress.#": "1",
                            "ingress.0.cidr_blocks.#": "1",
                            "ingress.0.cidr_blocks.0": "0.0.0.0/0",
                            "ingress.0.description": "Redis",
                            "ingress.0.from_port": "6379",
                            "ingress.0.ipv6_cidr_blocks.#": "0",
                            "ingress.0.prefix_list_ids.#": "0",
                            "ingress.0.protocol": "tcp",
                            "ingress.0.security_groups.#": "0",
                            "ingress.0.self": "false",
                            "ingress.0.to_port": "6379",
                            "name": "fav2-dev-redis-sg",
                            "name_prefix": "",
                            "owner_id": "108634952344",
                            "tags.%": "1",
                            "tags.Name": "dev-6379",
                            "tags_all.%": "1",
                            "tags_all.Name": "dev-6379",
                            "vpc_id": "vpc-00122d1bf6c6ee0d4"
                        },
                        "meta": {
                            "schema_version": 1
                        },
                        "tainted": false
                    },
                    "deposed": [],
                    "provider": "provider.aws"
                },
                "aws_security_group.tfer--fav2-dev-rmq-sg_sg-07a0af44e66184511": {
                    "type": "aws_security_group",
                    "depends_on": [],
                    "primary": {
                        "id": "sg-07a0af44e66184511",
                        "attributes": {
                            "arn": "arn:aws:ec2:ap-northeast-2:108634952344:security-group/sg-07a0af44e66184511",
                            "description": "FleaauctionStack/fav2-dev-rmq-sg",
                            "egress.#": "1",
                            "egress.0.cidr_blocks.#": "1",
                            "egress.0.cidr_blocks.0": "0.0.0.0/0",
                            "egress.0.description": "Allow all outbound traffic by default",
                            "egress.0.from_port": "0",
                            "egress.0.ipv6_cidr_blocks.#": "0",
                            "egress.0.prefix_list_ids.#": "0",
                            "egress.0.protocol": "-1",
                            "egress.0.security_groups.#": "0",
                            "egress.0.self": "false",
                            "egress.0.to_port": "0",
                            "id": "sg-07a0af44e66184511",
                            "ingress.#": "3",
                            "ingress.0.cidr_blocks.#": "1",
                            "ingress.0.cidr_blocks.0": "0.0.0.0/0",
                            "ingress.0.description": "from 0.0.0.0/0:15671",
                            "ingress.0.from_port": "15671",
                            "ingress.0.ipv6_cidr_blocks.#": "0",
                            "ingress.0.prefix_list_ids.#": "0",
                            "ingress.0.protocol": "tcp",
                            "ingress.0.security_groups.#": "0",
                            "ingress.0.self": "false",
                            "ingress.0.to_port": "15671",
                            "ingress.1.cidr_blocks.#": "1",
                            "ingress.1.cidr_blocks.0": "0.0.0.0/0",
                            "ingress.1.description": "from 0.0.0.0/0:443",
                            "ingress.1.from_port": "443",
                            "ingress.1.ipv6_cidr_blocks.#": "0",
                            "ingress.1.prefix_list_ids.#": "0",
                            "ingress.1.protocol": "tcp",
                            "ingress.1.security_groups.#": "0",
                            "ingress.1.self": "false",
                            "ingress.1.to_port": "443",
                            "ingress.2.cidr_blocks.#": "1",
                            "ingress.2.cidr_blocks.0": "0.0.0.0/0",
                            "ingress.2.description": "from 0.0.0.0/0:5671",
                            "ingress.2.from_port": "5671",
                            "ingress.2.ipv6_cidr_blocks.#": "0",
                            "ingress.2.prefix_list_ids.#": "0",
                            "ingress.2.protocol": "tcp",
                            "ingress.2.security_groups.#": "0",
                            "ingress.2.self": "false",
                            "ingress.2.to_port": "5671",
                            "name": "fav2-dev-rmq-sg",
                            "name_prefix": "",
                            "owner_id": "108634952344",
                            "tags.%": "1",
                            "tags.Name": "dev-5671,15671,443",
                            "tags_all.%": "1",
                            "tags_all.Name": "dev-5671,15671,443",
                            "vpc_id": "vpc-00122d1bf6c6ee0d4"
                        },
                        "meta": {
                            "schema_version": 1
                        },
                        "tainted": false
                    },
                    "deposed": [],
                    "provider": "provider.aws"
                },
                "aws_security_group.tfer--fav2-prod-quicksight_sg-013955a463d64cde4": {
                    "type": "aws_security_group",
                    "depends_on": [],
                    "primary": {
                        "id": "sg-013955a463d64cde4",
                        "attributes": {
                            "arn": "arn:aws:ec2:ap-northeast-2:108634952344:security-group/sg-013955a463d64cde4",
                            "description": "amazon quicksight access",
                            "egress.#": "1",
                            "egress.0.cidr_blocks.#": "1",
                            "egress.0.cidr_blocks.0": "0.0.0.0/0",
                            "egress.0.description": "",
                            "egress.0.from_port": "0",
                            "egress.0.ipv6_cidr_blocks.#": "0",
                            "egress.0.prefix_list_ids.#": "0",
                            "egress.0.protocol": "-1",
                            "egress.0.security_groups.#": "0",
                            "egress.0.self": "false",
                            "egress.0.to_port": "0",
                            "id": "sg-013955a463d64cde4",
                            "ingress.#": "1",
                            "ingress.0.cidr_blocks.#": "1",
                            "ingress.0.cidr_blocks.0": "13.124.145.32/27",
                            "ingress.0.description": "Seoul AWS QuickSight",
                            "ingress.0.from_port": "3306",
                            "ingress.0.ipv6_cidr_blocks.#": "0",
                            "ingress.0.prefix_list_ids.#": "0",
                            "ingress.0.protocol": "tcp",
                            "ingress.0.security_groups.#": "0",
                            "ingress.0.self": "false",
                            "ingress.0.to_port": "3306",
                            "name": "fav2-prod-quicksight",
                            "name_prefix": "",
                            "owner_id": "108634952344",
                            "tags.%": "1",
                            "tags.Name": "prod-quicksight",
                            "tags_all.%": "1",
                            "tags_all.Name": "prod-quicksight",
                            "vpc_id": "vpc-09ac47fd50a915cc8"
                        },
                        "meta": {
                            "schema_version": 1
                        },
                        "tainted": false
                    },
                    "deposed": [],
                    "provider": "provider.aws"
                },
                "aws_security_group.tfer--launch-wizard-1_sg-0afbb7d39e20736c0": {
                    "type": "aws_security_group",
                    "depends_on": [],
                    "primary": {
                        "id": "sg-0afbb7d39e20736c0",
                        "attributes": {
                            "arn": "arn:aws:ec2:ap-northeast-2:108634952344:security-group/sg-0afbb7d39e20736c0",
                            "description": "launch-wizard-1 created 2021-02-04T15:53:25.909+08:00",
                            "egress.#": "1",
                            "egress.0.cidr_blocks.#": "1",
                            "egress.0.cidr_blocks.0": "0.0.0.0/0",
                            "egress.0.description": "",
                            "egress.0.from_port": "0",
                            "egress.0.ipv6_cidr_blocks.#": "1",
                            "egress.0.ipv6_cidr_blocks.0": "::/0",
                            "egress.0.prefix_list_ids.#": "0",
                            "egress.0.protocol": "-1",
                            "egress.0.security_groups.#": "0",
                            "egress.0.self": "false",
                            "egress.0.to_port": "0",
                            "id": "sg-0afbb7d39e20736c0",
                            "ingress.#": "5",
                            "ingress.0.cidr_blocks.#": "1",
                            "ingress.0.cidr_blocks.0": "0.0.0.0/0",
                            "ingress.0.description": "",
                            "ingress.0.from_port": "22",
                            "ingress.0.ipv6_cidr_blocks.#": "0",
                            "ingress.0.prefix_list_ids.#": "0",
                            "ingress.0.protocol": "tcp",
                            "ingress.0.security_groups.#": "0",
                            "ingress.0.self": "false",
                            "ingress.0.to_port": "22",
                            "ingress.1.cidr_blocks.#": "1",
                            "ingress.1.cidr_blocks.0": "0.0.0.0/0",
                            "ingress.1.description": "",
                            "ingress.1.from_port": "3306",
                            "ingress.1.ipv6_cidr_blocks.#": "1",
                            "ingress.1.ipv6_cidr_blocks.0": "::/0",
                            "ingress.1.prefix_list_ids.#": "0",
                            "ingress.1.protocol": "tcp",
                            "ingress.1.security_groups.#": "0",
                            "ingress.1.self": "false",
                            "ingress.1.to_port": "3306",
                            "ingress.2.cidr_blocks.#": "1",
                            "ingress.2.cidr_blocks.0": "0.0.0.0/0",
                            "ingress.2.description": "",
                            "ingress.2.from_port": "6379",
                            "ingress.2.ipv6_cidr_blocks.#": "0",
                            "ingress.2.prefix_list_ids.#": "0",
                            "ingress.2.protocol": "tcp",
                            "ingress.2.security_groups.#": "0",
                            "ingress.2.self": "false",
                            "ingress.2.to_port": "6379",
                            "ingress.3.cidr_blocks.#": "1",
                            "ingress.3.cidr_blocks.0": "0.0.0.0/0",
                            "ingress.3.description": "",
                            "ingress.3.from_port": "7000",
                            "ingress.3.ipv6_cidr_blocks.#": "0",
                            "ingress.3.prefix_list_ids.#": "0",
                            "ingress.3.protocol": "tcp",
                            "ingress.3.security_groups.#": "0",
                            "ingress.3.self": "false",
                            "ingress.3.to_port": "7000",
                            "ingress.4.cidr_blocks.#": "1",
                            "ingress.4.cidr_blocks.0": "0.0.0.0/0",
                            "ingress.4.description": "",
                            "ingress.4.from_port": "80",
                            "ingress.4.ipv6_cidr_blocks.#": "0",
                            "ingress.4.prefix_list_ids.#": "0",
                            "ingress.4.protocol": "tcp",
                            "ingress.4.security_groups.#": "0",
                            "ingress.4.self": "false",
                            "ingress.4.to_port": "80",
                            "name": "launch-wizard-1",
                            "name_prefix": "",
                            "owner_id": "108634952344",
                            "tags.%": "1",
                            "tags.Name": "v1 prod-server",
                            "tags_all.%": "1",
                            "tags_all.Name": "v1 prod-server",
                            "vpc_id": "vpc-517bc13a"
                        },
                        "meta": {
                            "schema_version": 1
                        },
                        "tainted": false
                    },
                    "deposed": [],
                    "provider": "provider.aws"
                },
                "aws_security_group.tfer--launch-wizard-6_sg-0c3263678417ccea3": {
                    "type": "aws_security_group",
                    "depends_on": [],
                    "primary": {
                        "id": "sg-0c3263678417ccea3",
                        "attributes": {
                            "arn": "arn:aws:ec2:ap-northeast-2:108634952344:security-group/sg-0c3263678417ccea3",
                            "description": "launch-wizard-6 created 2022-02-24T20:05:05.838+09:00",
                            "egress.#": "1",
                            "egress.0.cidr_blocks.#": "1",
                            "egress.0.cidr_blocks.0": "0.0.0.0/0",
                            "egress.0.description": "",
                            "egress.0.from_port": "0",
                            "egress.0.ipv6_cidr_blocks.#": "0",
                            "egress.0.prefix_list_ids.#": "0",
                            "egress.0.protocol": "-1",
                            "egress.0.security_groups.#": "0",
                            "egress.0.self": "false",
                            "egress.0.to_port": "0",
                            "id": "sg-0c3263678417ccea3",
                            "ingress.#": "5",
                            "ingress.0.cidr_blocks.#": "1",
                            "ingress.0.cidr_blocks.0": "0.0.0.0/0",
                            "ingress.0.description": "",
                            "ingress.0.from_port": "22",
                            "ingress.0.ipv6_cidr_blocks.#": "0",
                            "ingress.0.prefix_list_ids.#": "0",
                            "ingress.0.protocol": "tcp",
                            "ingress.0.security_groups.#": "0",
                            "ingress.0.self": "false",
                            "ingress.0.to_port": "22",
                            "ingress.1.cidr_blocks.#": "1",
                            "ingress.1.cidr_blocks.0": "0.0.0.0/0",
                            "ingress.1.description": "",
                            "ingress.1.from_port": "4001",
                            "ingress.1.ipv6_cidr_blocks.#": "0",
                            "ingress.1.prefix_list_ids.#": "0",
                            "ingress.1.protocol": "tcp",
                            "ingress.1.security_groups.#": "0",
                            "ingress.1.self": "false",
                            "ingress.1.to_port": "4001",
                            "ingress.2.cidr_blocks.#": "1",
                            "ingress.2.cidr_blocks.0": "0.0.0.0/0",
                            "ingress.2.description": "",
                            "ingress.2.from_port": "6379",
                            "ingress.2.ipv6_cidr_blocks.#": "0",
                            "ingress.2.prefix_list_ids.#": "0",
                            "ingress.2.protocol": "tcp",
                            "ingress.2.security_groups.#": "0",
                            "ingress.2.self": "false",
                            "ingress.2.to_port": "6379",
                            "ingress.3.cidr_blocks.#": "1",
                            "ingress.3.cidr_blocks.0": "0.0.0.0/0",
                            "ingress.3.description": "",
                            "ingress.3.from_port": "7000",
                            "ingress.3.ipv6_cidr_blocks.#": "0",
                            "ingress.3.prefix_list_ids.#": "0",
                            "ingress.3.protocol": "tcp",
                            "ingress.3.security_groups.#": "0",
                            "ingress.3.self": "false",
                            "ingress.3.to_port": "7000",
                            "ingress.4.cidr_blocks.#": "1",
                            "ingress.4.cidr_blocks.0": "0.0.0.0/0",
                            "ingress.4.description": "",
                            "ingress.4.from_port": "80",
                            "ingress.4.ipv6_cidr_blocks.#": "0",
                            "ingress.4.prefix_list_ids.#": "0",
                            "ingress.4.protocol": "tcp",
                            "ingress.4.security_groups.#": "0",
                            "ingress.4.self": "false",
                            "ingress.4.to_port": "80",
                            "name": "launch-wizard-6",
                            "name_prefix": "",
                            "owner_id": "108634952344",
                            "tags.%": "1",
                            "tags.Name": "v1 dev (22,80,3306,6379)",
                            "tags_all.%": "1",
                            "tags_all.Name": "v1 dev (22,80,3306,6379)",
                            "vpc_id": "vpc-517bc13a"
                        },
                        "meta": {
                            "schema_version": 1
                        },
                        "tainted": false
                    },
                    "deposed": [],
                    "provider": "provider.aws"
                },
                "aws_security_group.tfer--mysql-8-0-test_sg-0db451947f2874194": {
                    "type": "aws_security_group",
                    "depends_on": [],
                    "primary": {
                        "id": "sg-0db451947f2874194",
                        "attributes": {
                            "arn": "arn:aws:ec2:ap-northeast-2:108634952344:security-group/sg-0db451947f2874194",
                            "description": "RDS MySQL 8.0 Test Security Group",
                            "egress.#": "1",
                            "egress.0.cidr_blocks.#": "1",
                            "egress.0.cidr_blocks.0": "0.0.0.0/0",
                            "egress.0.description": "",
                            "egress.0.from_port": "0",
                            "egress.0.ipv6_cidr_blocks.#": "0",
                            "egress.0.prefix_list_ids.#": "0",
                            "egress.0.protocol": "-1",
                            "egress.0.security_groups.#": "0",
                            "egress.0.self": "false",
                            "egress.0.to_port": "0",
                            "id": "sg-0db451947f2874194",
                            "ingress.#": "2",
                            "ingress.0.cidr_blocks.#": "0",
                            "ingress.0.description": "",
                            "ingress.0.from_port": "0",
                            "ingress.0.ipv6_cidr_blocks.#": "0",
                            "ingress.0.prefix_list_ids.#": "0",
                            "ingress.0.protocol": "-1",
                            "ingress.0.security_groups.#": "0",
                            "ingress.0.self": "true",
                            "ingress.0.to_port": "0",
                            "ingress.1.cidr_blocks.#": "0",
                            "ingress.1.description": "",
                            "ingress.1.from_port": "3306",
                            "ingress.1.ipv6_cidr_blocks.#": "0",
                            "ingress.1.prefix_list_ids.#": "0",
                            "ingress.1.protocol": "tcp",
                            "ingress.1.security_groups.#": "1",
                            "ingress.1.security_groups.0": "sg-0c3263678417ccea3",
                            "ingress.1.self": "false",
                            "ingress.1.to_port": "3306",
                            "name": "mysql-8-0-test",
                            "name_prefix": "",
                            "owner_id": "108634952344",
                            "tags.%": "1",
                            "tags.Name": "v1 mysql-8-0-test",
                            "tags_all.%": "1",
                            "tags_all.Name": "v1 mysql-8-0-test",
                            "vpc_id": "vpc-517bc13a"
                        },
                        "meta": {
                            "schema_version": 1
                        },
                        "tainted": false
                    },
                    "deposed": [],
                    "provider": "provider.aws"
                },
                "aws_security_group.tfer--prod-auroraSG_sg-0ca447cc6d770c165": {
                    "type": "aws_security_group",
                    "depends_on": [],
                    "primary": {
                        "id": "sg-0ca447cc6d770c165",
                        "attributes": {
                            "arn": "arn:aws:ec2:ap-northeast-2:108634952344:security-group/sg-0ca447cc6d770c165",
                            "description": "MySQL/Aurora security group",
                            "egress.#": "1",
                            "egress.0.cidr_blocks.#": "1",
                            "egress.0.cidr_blocks.0": "0.0.0.0/0",
                            "egress.0.description": "Allow all outbound traffic by default",
                            "egress.0.from_port": "0",
                            "egress.0.ipv6_cidr_blocks.#": "0",
                            "egress.0.prefix_list_ids.#": "0",
                            "egress.0.protocol": "-1",
                            "egress.0.security_groups.#": "0",
                            "egress.0.self": "false",
                            "egress.0.to_port": "0",
                            "id": "sg-0ca447cc6d770c165",
                            "ingress.#": "2",
                            "ingress.0.cidr_blocks.#": "1",
                            "ingress.0.cidr_blocks.0": "0.0.0.0/0",
                            "ingress.0.description": "MySQL",
                            "ingress.0.from_port": "3306",
                            "ingress.0.ipv6_cidr_blocks.#": "0",
                            "ingress.0.prefix_list_ids.#": "0",
                            "ingress.0.protocol": "tcp",
                            "ingress.0.security_groups.#": "0",
                            "ingress.0.self": "false",
                            "ingress.0.to_port": "3306",
                            "ingress.1.cidr_blocks.#": "0",
                            "ingress.1.description": "traffic from self",
                            "ingress.1.from_port": "0",
                            "ingress.1.ipv6_cidr_blocks.#": "0",
                            "ingress.1.prefix_list_ids.#": "0",
                            "ingress.1.protocol": "-1",
                            "ingress.1.security_groups.#": "0",
                            "ingress.1.self": "true",
                            "ingress.1.to_port": "0",
                            "name": "prod-auroraSG",
                            "name_prefix": "",
                            "owner_id": "108634952344",
                            "tags.%": "1",
                            "tags.Name": "prod-3306,all-from-self",
                            "tags_all.%": "1",
                            "tags_all.Name": "prod-3306,all-from-self",
                            "vpc_id": "vpc-09ac47fd50a915cc8"
                        },
                        "meta": {
                            "schema_version": 1
                        },
                        "tainted": false
                    },
                    "deposed": [],
                    "provider": "provider.aws"
                },
                "aws_security_group.tfer--prod-bastionSG_sg-05db30b28938be918": {
                    "type": "aws_security_group",
                    "depends_on": [],
                    "primary": {
                        "id": "sg-05db30b28938be918",
                        "attributes": {
                            "arn": "arn:aws:ec2:ap-northeast-2:108634952344:security-group/sg-05db30b28938be918",
                            "description": "bastion security group",
                            "egress.#": "1",
                            "egress.0.cidr_blocks.#": "1",
                            "egress.0.cidr_blocks.0": "0.0.0.0/0",
                            "egress.0.description": "Allow all outbound traffic by default",
                            "egress.0.from_port": "0",
                            "egress.0.ipv6_cidr_blocks.#": "0",
                            "egress.0.prefix_list_ids.#": "0",
                            "egress.0.protocol": "-1",
                            "egress.0.security_groups.#": "0",
                            "egress.0.self": "false",
                            "egress.0.to_port": "0",
                            "id": "sg-05db30b28938be918",
                            "ingress.#": "1",
                            "ingress.0.cidr_blocks.#": "1",
                            "ingress.0.cidr_blocks.0": "0.0.0.0/0",
                            "ingress.0.description": "SSH",
                            "ingress.0.from_port": "22",
                            "ingress.0.ipv6_cidr_blocks.#": "0",
                            "ingress.0.prefix_list_ids.#": "0",
                            "ingress.0.protocol": "tcp",
                            "ingress.0.security_groups.#": "0",
                            "ingress.0.self": "false",
                            "ingress.0.to_port": "22",
                            "name": "prod-bastionSG",
                            "name_prefix": "",
                            "owner_id": "108634952344",
                            "tags.%": "1",
                            "tags.Name": "prod-22",
                            "tags_all.%": "1",
                            "tags_all.Name": "prod-22",
                            "vpc_id": "vpc-09ac47fd50a915cc8"
                        },
                        "meta": {
                            "schema_version": 1
                        },
                        "tainted": false
                    },
                    "deposed": [],
                    "provider": "provider.aws"
                },
                "aws_security_group.tfer--prod-redisSG_sg-0ecd6651735653a7b": {
                    "type": "aws_security_group",
                    "depends_on": [],
                    "primary": {
                        "id": "sg-0ecd6651735653a7b",
                        "attributes": {
                            "arn": "arn:aws:ec2:ap-northeast-2:108634952344:security-group/sg-0ecd6651735653a7b",
                            "description": "Redis security group",
                            "egress.#": "1",
                            "egress.0.cidr_blocks.#": "1",
                            "egress.0.cidr_blocks.0": "0.0.0.0/0",
                            "egress.0.description": "Allow all outbound traffic by default",
                            "egress.0.from_port": "0",
                            "egress.0.ipv6_cidr_blocks.#": "0",
                            "egress.0.prefix_list_ids.#": "0",
                            "egress.0.protocol": "-1",
                            "egress.0.security_groups.#": "0",
                            "egress.0.self": "false",
                            "egress.0.to_port": "0",
                            "id": "sg-0ecd6651735653a7b",
                            "ingress.#": "1",
                            "ingress.0.cidr_blocks.#": "1",
                            "ingress.0.cidr_blocks.0": "0.0.0.0/0",
                            "ingress.0.description": "redis",
                            "ingress.0.from_port": "6379",
                            "ingress.0.ipv6_cidr_blocks.#": "0",
                            "ingress.0.prefix_list_ids.#": "0",
                            "ingress.0.protocol": "tcp",
                            "ingress.0.security_groups.#": "0",
                            "ingress.0.self": "false",
                            "ingress.0.to_port": "6379",
                            "name": "prod-redisSG",
                            "name_prefix": "",
                            "owner_id": "108634952344",
                            "tags.%": "1",
                            "tags.Name": "prod-6379",
                            "tags_all.%": "1",
                            "tags_all.Name": "prod-6379",
                            "vpc_id": "vpc-09ac47fd50a915cc8"
                        },
                        "meta": {
                            "schema_version": 1
                        },
                        "tainted": false
                    },
                    "deposed": [],
                    "provider": "provider.aws"
                },
                "aws_security_group.tfer--prod-rmqSG_sg-0c84e694f9f3533f7": {
                    "type": "aws_security_group",
                    "depends_on": [],
                    "primary": {
                        "id": "sg-0c84e694f9f3533f7",
                        "attributes": {
                            "arn": "arn:aws:ec2:ap-northeast-2:108634952344:security-group/sg-0c84e694f9f3533f7",
                            "description": "ProdStack/prod-rmqSG",
                            "egress.#": "1",
                            "egress.0.cidr_blocks.#": "1",
                            "egress.0.cidr_blocks.0": "0.0.0.0/0",
                            "egress.0.description": "Allow all outbound traffic by default",
                            "egress.0.from_port": "0",
                            "egress.0.ipv6_cidr_blocks.#": "0",
                            "egress.0.prefix_list_ids.#": "0",
                            "egress.0.protocol": "-1",
                            "egress.0.security_groups.#": "0",
                            "egress.0.self": "false",
                            "egress.0.to_port": "0",
                            "id": "sg-0c84e694f9f3533f7",
                            "ingress.#": "3",
                            "ingress.0.cidr_blocks.#": "1",
                            "ingress.0.cidr_blocks.0": "0.0.0.0/0",
                            "ingress.0.description": "from 0.0.0.0/0:15671",
                            "ingress.0.from_port": "15671",
                            "ingress.0.ipv6_cidr_blocks.#": "0",
                            "ingress.0.prefix_list_ids.#": "0",
                            "ingress.0.protocol": "tcp",
                            "ingress.0.security_groups.#": "0",
                            "ingress.0.self": "false",
                            "ingress.0.to_port": "15671",
                            "ingress.1.cidr_blocks.#": "1",
                            "ingress.1.cidr_blocks.0": "0.0.0.0/0",
                            "ingress.1.description": "from 0.0.0.0/0:443",
                            "ingress.1.from_port": "443",
                            "ingress.1.ipv6_cidr_blocks.#": "0",
                            "ingress.1.prefix_list_ids.#": "0",
                            "ingress.1.protocol": "tcp",
                            "ingress.1.security_groups.#": "0",
                            "ingress.1.self": "false",
                            "ingress.1.to_port": "443",
                            "ingress.2.cidr_blocks.#": "1",
                            "ingress.2.cidr_blocks.0": "0.0.0.0/0",
                            "ingress.2.description": "from 0.0.0.0/0:5671",
                            "ingress.2.from_port": "5671",
                            "ingress.2.ipv6_cidr_blocks.#": "0",
                            "ingress.2.prefix_list_ids.#": "0",
                            "ingress.2.protocol": "tcp",
                            "ingress.2.security_groups.#": "0",
                            "ingress.2.self": "false",
                            "ingress.2.to_port": "5671",
                            "name": "prod-rmqSG",
                            "name_prefix": "",
                            "owner_id": "108634952344",
                            "tags.%": "1",
                            "tags.Name": "prod-5671,15671,443",
                            "tags_all.%": "1",
                            "tags_all.Name": "prod-5671,15671,443",
                            "vpc_id": "vpc-09ac47fd50a915cc8"
                        },
                        "meta": {
                            "schema_version": 1
                        },
                        "tainted": false
                    },
                    "deposed": [],
                    "provider": "provider.aws"
                },
                "aws_security_group.tfer--prod-schedulerSG_sg-02efb7ce9f0a2138c": {
                    "type": "aws_security_group",
                    "depends_on": [],
                    "primary": {
                        "id": "sg-02efb7ce9f0a2138c",
                        "attributes": {
                            "arn": "arn:aws:ec2:ap-northeast-2:108634952344:security-group/sg-02efb7ce9f0a2138c",
                            "description": "prod-3002",
                            "egress.#": "1",
                            "egress.0.cidr_blocks.#": "1",
                            "egress.0.cidr_blocks.0": "0.0.0.0/0",
                            "egress.0.description": "",
                            "egress.0.from_port": "0",
                            "egress.0.ipv6_cidr_blocks.#": "0",
                            "egress.0.prefix_list_ids.#": "0",
                            "egress.0.protocol": "-1",
                            "egress.0.security_groups.#": "0",
                            "egress.0.self": "false",
                            "egress.0.to_port": "0",
                            "id": "sg-02efb7ce9f0a2138c",
                            "ingress.#": "1",
                            "ingress.0.cidr_blocks.#": "1",
                            "ingress.0.cidr_blocks.0": "0.0.0.0/0",
                            "ingress.0.description": "",
                            "ingress.0.from_port": "3002",
                            "ingress.0.ipv6_cidr_blocks.#": "0",
                            "ingress.0.prefix_list_ids.#": "0",
                            "ingress.0.protocol": "tcp",
                            "ingress.0.security_groups.#": "0",
                            "ingress.0.self": "false",
                            "ingress.0.to_port": "3002",
                            "name": "prod-schedulerSG",
                            "name_prefix": "",
                            "owner_id": "108634952344",
                            "tags.%": "1",
                            "tags.Name": "prod-3002",
                            "tags_all.%": "1",
                            "tags_all.Name": "prod-3002",
                            "vpc_id": "vpc-09ac47fd50a915cc8"
                        },
                        "meta": {
                            "schema_version": 1
                        },
                        "tainted": false
                    },
                    "deposed": [],
                    "provider": "provider.aws"
                },
                "aws_security_group.tfer--prod-workerSG_sg-0797b29ec3362f0fc": {
                    "type": "aws_security_group",
                    "depends_on": [],
                    "primary": {
                        "id": "sg-0797b29ec3362f0fc",
                        "attributes": {
                            "arn": "arn:aws:ec2:ap-northeast-2:108634952344:security-group/sg-0797b29ec3362f0fc",
                            "description": "prod-3003",
                            "egress.#": "1",
                            "egress.0.cidr_blocks.#": "1",
                            "egress.0.cidr_blocks.0": "0.0.0.0/0",
                            "egress.0.description": "",
                            "egress.0.from_port": "0",
                            "egress.0.ipv6_cidr_blocks.#": "0",
                            "egress.0.prefix_list_ids.#": "0",
                            "egress.0.protocol": "-1",
                            "egress.0.security_groups.#": "0",
                            "egress.0.self": "false",
                            "egress.0.to_port": "0",
                            "id": "sg-0797b29ec3362f0fc",
                            "ingress.#": "1",
                            "ingress.0.cidr_blocks.#": "1",
                            "ingress.0.cidr_blocks.0": "0.0.0.0/0",
                            "ingress.0.description": "",
                            "ingress.0.from_port": "3003",
                            "ingress.0.ipv6_cidr_blocks.#": "0",
                            "ingress.0.prefix_list_ids.#": "0",
                            "ingress.0.protocol": "tcp",
                            "ingress.0.security_groups.#": "0",
                            "ingress.0.self": "false",
                            "ingress.0.to_port": "3003",
                            "name": "prod-workerSG",
                            "name_prefix": "",
                            "owner_id": "108634952344",
                            "tags.%": "1",
                            "tags.Name": "prod-3003",
                            "tags_all.%": "1",
                            "tags_all.Name": "prod-3003",
                            "vpc_id": "vpc-09ac47fd50a915cc8"
                        },
                        "meta": {
                            "schema_version": 1
                        },
                        "tainted": false
                    },
                    "deposed": [],
                    "provider": "provider.aws"
                },
                "aws_security_group.tfer--rds-ec2-1_sg-005282b733a5118ca": {
                    "type": "aws_security_group",
                    "depends_on": [],
                    "primary": {
                        "id": "sg-005282b733a5118ca",
                        "attributes": {
                            "arn": "arn:aws:ec2:ap-northeast-2:108634952344:security-group/sg-005282b733a5118ca",
                            "description": "Security group attached to aurora-test to allow EC2 instances with specific security groups attached to connect to the database. Modification could lead to connection loss.",
                            "egress.#": "0",
                            "id": "sg-005282b733a5118ca",
                            "ingress.#": "1",
                            "ingress.0.cidr_blocks.#": "0",
                            "ingress.0.description": "Rule to allow connections from EC2 instances with sg-07fd1b3ca1c4c5b0a attached",
                            "ingress.0.from_port": "3306",
                            "ingress.0.ipv6_cidr_blocks.#": "0",
                            "ingress.0.prefix_list_ids.#": "0",
                            "ingress.0.protocol": "tcp",
                            "ingress.0.security_groups.#": "1",
                            "ingress.0.security_groups.0": "sg-07fd1b3ca1c4c5b0a",
                            "ingress.0.self": "false",
                            "ingress.0.to_port": "3306",
                            "name": "rds-ec2-1",
                            "name_prefix": "",
                            "owner_id": "108634952344",
                            "tags.%": "1",
                            "tags.Name": "dev-in-3306",
                            "tags_all.%": "1",
                            "tags_all.Name": "dev-in-3306",
                            "vpc_id": "vpc-00122d1bf6c6ee0d4"
                        },
                        "meta": {
                            "schema_version": 1
                        },
                        "tainted": false
                    },
                    "deposed": [],
                    "provider": "provider.aws"
                },
                "aws_security_group.tfer--rds-ec2-2_sg-0df42802facae2566": {
                    "type": "aws_security_group",
                    "depends_on": [],
                    "primary": {
                        "id": "sg-0df42802facae2566",
                        "attributes": {
                            "arn": "arn:aws:ec2:ap-northeast-2:108634952344:security-group/sg-0df42802facae2566",
                            "description": "Security group attached to mysql8 to allow EC2 instances with specific security groups attached to connect to the database. Modification could lead to connection loss.",
                            "egress.#": "0",
                            "id": "sg-0df42802facae2566",
                            "ingress.#": "1",
                            "ingress.0.cidr_blocks.#": "0",
                            "ingress.0.description": "Rule to allow connections from EC2 instances with sg-0027a06fe29db3552 attached",
                            "ingress.0.from_port": "3306",
                            "ingress.0.ipv6_cidr_blocks.#": "0",
                            "ingress.0.prefix_list_ids.#": "0",
                            "ingress.0.protocol": "tcp",
                            "ingress.0.security_groups.#": "1",
                            "ingress.0.security_groups.0": "sg-0027a06fe29db3552",
                            "ingress.0.self": "false",
                            "ingress.0.to_port": "3306",
                            "name": "rds-ec2-2",
                            "name_prefix": "",
                            "owner_id": "108634952344",
                            "tags.%": "1",
                            "tags.Name": "nest-rds",
                            "tags_all.%": "1",
                            "tags_all.Name": "nest-rds",
                            "vpc_id": "vpc-517bc13a"
                        },
                        "meta": {
                            "schema_version": 1
                        },
                        "tainted": false
                    },
                    "deposed": [],
                    "provider": "provider.aws"
                },
                "aws_security_group_rule.tfer--sg-0ae426c0fb4a168c8_egress_-1_-1_-1_0-002E-0-002E-0-002E-0-002F-0": {
                    "type": "aws_security_group_rule",
                    "depends_on": [],
                    "primary": {
                        "id": "sgrule-2729416433",
                        "attributes": {
                            "cidr_blocks.#": "1",
                            "cidr_blocks.0": "0.0.0.0/0",
                            "from_port": "0",
                            "id": "sgrule-2729416433",
                            "ipv6_cidr_blocks.#": "0",
                            "prefix_list_ids.#": "0",
                            "protocol": "-1",
                            "security_group_id": "sg-0ae426c0fb4a168c8",
                            "security_group_rule_id": "sgr-06365a356afe793b2",
                            "to_port": "0",
                            "type": "egress"
                        },
                        "meta": {
                            "schema_version": 2
                        },
                        "tainted": false
                    },
                    "deposed": [],
                    "provider": "provider.aws"
                },
                "aws_security_group_rule.tfer--sg-0ae426c0fb4a168c8_egress_tcp_3306_3306_sg-76fe530d": {
                    "type": "aws_security_group_rule",
                    "depends_on": [],
                    "primary": {
                        "id": "sgrule-1360639362",
                        "attributes": {
                            "from_port": "3306",
                            "id": "sgrule-1360639362",
                            "prefix_list_ids.#": "0",
                            "protocol": "tcp",
                            "security_group_id": "sg-0ae426c0fb4a168c8",
                            "security_group_rule_id": "sgr-0d994b6f286357470",
                            "source_security_group_id": "sg-76fe530d",
                            "to_port": "3306",
                            "type": "egress"
                        },
                        "meta": {
                            "schema_version": 2
                        },
                        "tainted": false
                    },
                    "deposed": [],
                    "provider": "provider.aws"
                },
                "aws_security_group_rule.tfer--sg-0ae426c0fb4a168c8_ingress_tcp_0_65535_sg-76fe530d": {
                    "type": "aws_security_group_rule",
                    "depends_on": [],
                    "primary": {
                        "id": "sgrule-616574806",
                        "attributes": {
                            "description": "RDS Production",
                            "from_port": "0",
                            "id": "sgrule-616574806",
                            "prefix_list_ids.#": "0",
                            "protocol": "tcp",
                            "security_group_id": "sg-0ae426c0fb4a168c8",
                            "security_group_rule_id": "sgr-03e7e4b06b27a9dcf",
                            "source_security_group_id": "sg-76fe530d",
                            "to_port": "65535",
                            "type": "ingress"
                        },
                        "meta": {
                            "schema_version": 2
                        },
                        "tainted": false
                    },
                    "deposed": [],
                    "provider": "provider.aws"
                },
                "aws_subnet.tfer--subnet-0044a01eeeebcb089": {
                    "type": "aws_subnet",
                    "depends_on": [],
                    "primary": {
                        "id": "subnet-0044a01eeeebcb089",
                        "attributes": {
                            "arn": "arn:aws:ec2:ap-northeast-2:108634952344:subnet/subnet-0044a01eeeebcb089",
                            "assign_ipv6_address_on_creation": "false",
                            "availability_zone": "ap-northeast-2b",
                            "availability_zone_id": "apne2-az2",
                            "cidr_block": "10.10.1.0/24",
                            "customer_owned_ipv4_pool": "",
                            "enable_dns64": "false",
                            "enable_lni_at_device_index": "0",
                            "enable_resource_name_dns_a_record_on_launch": "false",
                            "enable_resource_name_dns_aaaa_record_on_launch": "false",
                            "id": "subnet-0044a01eeeebcb089",
                            "ipv6_cidr_block": "",
                            "ipv6_cidr_block_association_id": "",
                            "ipv6_native": "false",
                            "map_customer_owned_ip_on_launch": "false",
                            "map_public_ip_on_launch": "true",
                            "outpost_arn": "",
                            "owner_id": "108634952344",
                            "private_dns_hostname_type_on_launch": "ip-name",
                            "tags.%": "3",
                            "tags.Name": "🚀PublicAz2",
                            "tags.aws-cdk:subnet-name": "prod-publicSN",
                            "tags.aws-cdk:subnet-type": "Public",
                            "tags_all.%": "3",
                            "tags_all.Name": "🚀PublicAz2",
                            "tags_all.aws-cdk:subnet-name": "prod-publicSN",
                            "tags_all.aws-cdk:subnet-type": "Public",
                            "vpc_id": "vpc-09ac47fd50a915cc8"
                        },
                        "meta": {
                            "schema_version": 1
                        },
                        "tainted": false
                    },
                    "deposed": [],
                    "provider": "provider.aws"
                },
                "aws_subnet.tfer--subnet-012442689a6a7a80d": {
                    "type": "aws_subnet",
                    "depends_on": [],
                    "primary": {
                        "id": "subnet-012442689a6a7a80d",
                        "attributes": {
                            "arn": "arn:aws:ec2:ap-northeast-2:108634952344:subnet/subnet-012442689a6a7a80d",
                            "assign_ipv6_address_on_creation": "false",
                            "availability_zone": "ap-northeast-2b",
                            "availability_zone_id": "apne2-az2",
                            "cidr_block": "10.10.5.0/24",
                            "customer_owned_ipv4_pool": "",
                            "enable_dns64": "false",
                            "enable_lni_at_device_index": "0",
                            "enable_resource_name_dns_a_record_on_launch": "false",
                            "enable_resource_name_dns_aaaa_record_on_launch": "false",
                            "id": "subnet-012442689a6a7a80d",
                            "ipv6_cidr_block": "",
                            "ipv6_cidr_block_association_id": "",
                            "ipv6_native": "false",
                            "map_customer_owned_ip_on_launch": "false",
                            "map_public_ip_on_launch": "false",
                            "outpost_arn": "",
                            "owner_id": "108634952344",
                            "private_dns_hostname_type_on_launch": "ip-name",
                            "tags.%": "1",
                            "tags.Name": "🚀RdsPrivateAz2",
                            "tags_all.%": "1",
                            "tags_all.Name": "🚀RdsPrivateAz2",
                            "vpc_id": "vpc-09ac47fd50a915cc8"
                        },
                        "meta": {
                            "schema_version": 1
                        },
                        "tainted": false
                    },
                    "deposed": [],
                    "provider": "provider.aws"
                },
                "aws_subnet.tfer--subnet-01bb4c7eeba090b5a": {
                    "type": "aws_subnet",
                    "depends_on": [],
                    "primary": {
                        "id": "subnet-01bb4c7eeba090b5a",
                        "attributes": {
                            "arn": "arn:aws:ec2:ap-northeast-2:108634952344:subnet/subnet-01bb4c7eeba090b5a",
                            "assign_ipv6_address_on_creation": "false",
                            "availability_zone": "ap-northeast-2a",
                            "availability_zone_id": "apne2-az1",
                            "cidr_block": "10.10.4.0/24",
                            "customer_owned_ipv4_pool": "",
                            "enable_dns64": "false",
                            "enable_lni_at_device_index": "0",
                            "enable_resource_name_dns_a_record_on_launch": "false",
                            "enable_resource_name_dns_aaaa_record_on_launch": "false",
                            "id": "subnet-01bb4c7eeba090b5a",
                            "ipv6_cidr_block": "",
                            "ipv6_cidr_block_association_id": "",
                            "ipv6_native": "false",
                            "map_customer_owned_ip_on_launch": "false",
                            "map_public_ip_on_launch": "false",
                            "outpost_arn": "",
                            "owner_id": "108634952344",
                            "private_dns_hostname_type_on_launch": "ip-name",
                            "tags.%": "1",
                            "tags.Name": "🚀RdsPrivateAz1",
                            "tags_all.%": "1",
                            "tags_all.Name": "🚀RdsPrivateAz1",
                            "vpc_id": "vpc-09ac47fd50a915cc8"
                        },
                        "meta": {
                            "schema_version": 1
                        },
                        "tainted": false
                    },
                    "deposed": [],
                    "provider": "provider.aws"
                },
                "aws_subnet.tfer--subnet-02586dcbccca6798c": {
                    "type": "aws_subnet",
                    "depends_on": [],
                    "primary": {
                        "id": "subnet-02586dcbccca6798c",
                        "attributes": {
                            "arn": "arn:aws:ec2:ap-northeast-2:108634952344:subnet/subnet-02586dcbccca6798c",
                            "assign_ipv6_address_on_creation": "false",
                            "availability_zone": "ap-northeast-2a",
                            "availability_zone_id": "apne2-az1",
                            "cidr_block": "10.1.2.0/24",
                            "customer_owned_ipv4_pool": "",
                            "enable_dns64": "false",
                            "enable_lni_at_device_index": "0",
                            "enable_resource_name_dns_a_record_on_launch": "false",
                            "enable_resource_name_dns_aaaa_record_on_launch": "false",
                            "id": "subnet-02586dcbccca6798c",
                            "ipv6_cidr_block": "",
                            "ipv6_cidr_block_association_id": "",
                            "ipv6_native": "false",
                            "map_customer_owned_ip_on_launch": "false",
                            "map_public_ip_on_launch": "false",
                            "outpost_arn": "",
                            "owner_id": "108634952344",
                            "private_dns_hostname_type_on_launch": "ip-name",
                            "tags.%": "3",
                            "tags.Name": "DevPrivateAz1",
                            "tags.aws-cdk:subnet-name": "Private",
                            "tags.aws-cdk:subnet-type": "Private",
                            "tags_all.%": "3",
                            "tags_all.Name": "DevPrivateAz1",
                            "tags_all.aws-cdk:subnet-name": "Private",
                            "tags_all.aws-cdk:subnet-type": "Private",
                            "vpc_id": "vpc-00122d1bf6c6ee0d4"
                        },
                        "meta": {
                            "schema_version": 1
                        },
                        "tainted": false
                    },
                    "deposed": [],
                    "provider": "provider.aws"
                },
                "aws_subnet.tfer--subnet-03acf6b6c115ba8d5": {
                    "type": "aws_subnet",
                    "depends_on": [],
                    "primary": {
                        "id": "subnet-03acf6b6c115ba8d5",
                        "attributes": {
                            "arn": "arn:aws:ec2:ap-northeast-2:108634952344:subnet/subnet-03acf6b6c115ba8d5",
                            "assign_ipv6_address_on_creation": "false",
                            "availability_zone": "ap-northeast-2b",
                            "availability_zone_id": "apne2-az2",
                            "cidr_block": "10.10.3.0/24",
                            "customer_owned_ipv4_pool": "",
                            "enable_dns64": "false",
                            "enable_lni_at_device_index": "0",
                            "enable_resource_name_dns_a_record_on_launch": "false",
                            "enable_resource_name_dns_aaaa_record_on_launch": "false",
                            "id": "subnet-03acf6b6c115ba8d5",
                            "ipv6_cidr_block": "",
                            "ipv6_cidr_block_association_id": "",
                            "ipv6_native": "false",
                            "map_customer_owned_ip_on_launch": "false",
                            "map_public_ip_on_launch": "false",
                            "outpost_arn": "",
                            "owner_id": "108634952344",
                            "private_dns_hostname_type_on_launch": "ip-name",
                            "tags.%": "3",
                            "tags.Name": "🚀PrivateAz2",
                            "tags.aws-cdk:subnet-name": "prod-privateSN",
                            "tags.aws-cdk:subnet-type": "Isolated",
                            "tags_all.%": "3",
                            "tags_all.Name": "🚀PrivateAz2",
                            "tags_all.aws-cdk:subnet-name": "prod-privateSN",
                            "tags_all.aws-cdk:subnet-type": "Isolated",
                            "vpc_id": "vpc-09ac47fd50a915cc8"
                        },
                        "meta": {
                            "schema_version": 1
                        },
                        "tainted": false
                    },
                    "deposed": [],
                    "provider": "provider.aws"
                },
                "aws_subnet.tfer--subnet-04b1415545ee0b240": {
                    "type": "aws_subnet",
                    "depends_on": [],
                    "primary": {
                        "id": "subnet-04b1415545ee0b240",
                        "attributes": {
                            "arn": "arn:aws:ec2:ap-northeast-2:108634952344:subnet/subnet-04b1415545ee0b240",
                            "assign_ipv6_address_on_creation": "false",
                            "availability_zone": "ap-northeast-2a",
                            "availability_zone_id": "apne2-az1",
                            "cidr_block": "172.31.64.128/25",
                            "customer_owned_ipv4_pool": "",
                            "enable_dns64": "false",
                            "enable_lni_at_device_index": "0",
                            "enable_resource_name_dns_a_record_on_launch": "false",
                            "enable_resource_name_dns_aaaa_record_on_launch": "false",
                            "id": "subnet-04b1415545ee0b240",
                            "ipv6_cidr_block": "",
                            "ipv6_cidr_block_association_id": "",
                            "ipv6_native": "false",
                            "map_customer_owned_ip_on_launch": "false",
                            "map_public_ip_on_launch": "false",
                            "outpost_arn": "",
                            "owner_id": "108634952344",
                            "private_dns_hostname_type_on_launch": "ip-name",
                            "tags.%": "1",
                            "tags.Name": "GeneralPrivateAz1",
                            "tags_all.%": "1",
                            "tags_all.Name": "GeneralPrivateAz1",
                            "vpc_id": "vpc-517bc13a"
                        },
                        "meta": {
                            "schema_version": 1
                        },
                        "tainted": false
                    },
                    "deposed": [],
                    "provider": "provider.aws"
                },
                "aws_subnet.tfer--subnet-05400104d3b76ec4b": {
                    "type": "aws_subnet",
                    "depends_on": [],
                    "primary": {
                        "id": "subnet-05400104d3b76ec4b",
                        "attributes": {
                            "arn": "arn:aws:ec2:ap-northeast-2:108634952344:subnet/subnet-05400104d3b76ec4b",
                            "assign_ipv6_address_on_creation": "false",
                            "availability_zone": "ap-northeast-2b",
                            "availability_zone_id": "apne2-az2",
                            "cidr_block": "10.1.5.0/24",
                            "customer_owned_ipv4_pool": "",
                            "enable_dns64": "false",
                            "enable_lni_at_device_index": "0",
                            "enable_resource_name_dns_a_record_on_launch": "false",
                            "enable_resource_name_dns_aaaa_record_on_launch": "false",
                            "id": "subnet-05400104d3b76ec4b",
                            "ipv6_cidr_block": "",
                            "ipv6_cidr_block_association_id": "",
                            "ipv6_native": "false",
                            "map_customer_owned_ip_on_launch": "false",
                            "map_public_ip_on_launch": "false",
                            "outpost_arn": "",
                            "owner_id": "108634952344",
                            "private_dns_hostname_type_on_launch": "ip-name",
                            "tags.%": "1",
                            "tags.Name": "DevRdsPrivateAz2",
                            "tags_all.%": "1",
                            "tags_all.Name": "DevRdsPrivateAz2",
                            "vpc_id": "vpc-00122d1bf6c6ee0d4"
                        },
                        "meta": {
                            "schema_version": 1
                        },
                        "tainted": false
                    },
                    "deposed": [],
                    "provider": "provider.aws"
                },
                "aws_subnet.tfer--subnet-05f3099fb813700e2": {
                    "type": "aws_subnet",
                    "depends_on": [],
                    "primary": {
                        "id": "subnet-05f3099fb813700e2",
                        "attributes": {
                            "arn": "arn:aws:ec2:ap-northeast-2:108634952344:subnet/subnet-05f3099fb813700e2",
                            "assign_ipv6_address_on_creation": "false",
                            "availability_zone": "ap-northeast-2a",
                            "availability_zone_id": "apne2-az1",
                            "cidr_block": "10.1.0.0/24",
                            "customer_owned_ipv4_pool": "",
                            "enable_dns64": "false",
                            "enable_lni_at_device_index": "0",
                            "enable_resource_name_dns_a_record_on_launch": "false",
                            "enable_resource_name_dns_aaaa_record_on_launch": "false",
                            "id": "subnet-05f3099fb813700e2",
                            "ipv6_cidr_block": "",
                            "ipv6_cidr_block_association_id": "",
                            "ipv6_native": "false",
                            "map_customer_owned_ip_on_launch": "false",
                            "map_public_ip_on_launch": "true",
                            "outpost_arn": "",
                            "owner_id": "108634952344",
                            "private_dns_hostname_type_on_launch": "ip-name",
                            "tags.%": "3",
                            "tags.Name": "DevPublicAz1",
                            "tags.aws-cdk:subnet-name": "Public",
                            "tags.aws-cdk:subnet-type": "Public",
                            "tags_all.%": "3",
                            "tags_all.Name": "DevPublicAz1",
                            "tags_all.aws-cdk:subnet-name": "Public",
                            "tags_all.aws-cdk:subnet-type": "Public",
                            "vpc_id": "vpc-00122d1bf6c6ee0d4"
                        },
                        "meta": {
                            "schema_version": 1
                        },
                        "tainted": false
                    },
                    "deposed": [],
                    "provider": "provider.aws"
                },
                "aws_subnet.tfer--subnet-065cc6b92dd50998d": {
                    "type": "aws_subnet",
                    "depends_on": [],
                    "primary": {
                        "id": "subnet-065cc6b92dd50998d",
                        "attributes": {
                            "arn": "arn:aws:ec2:ap-northeast-2:108634952344:subnet/subnet-065cc6b92dd50998d",
                            "assign_ipv6_address_on_creation": "false",
                            "availability_zone": "ap-northeast-2b",
                            "availability_zone_id": "apne2-az2",
                            "cidr_block": "10.1.3.0/24",
                            "customer_owned_ipv4_pool": "",
                            "enable_dns64": "false",
                            "enable_lni_at_device_index": "0",
                            "enable_resource_name_dns_a_record_on_launch": "false",
                            "enable_resource_name_dns_aaaa_record_on_launch": "false",
                            "id": "subnet-065cc6b92dd50998d",
                            "ipv6_cidr_block": "",
                            "ipv6_cidr_block_association_id": "",
                            "ipv6_native": "false",
                            "map_customer_owned_ip_on_launch": "false",
                            "map_public_ip_on_launch": "false",
                            "outpost_arn": "",
                            "owner_id": "108634952344",
                            "private_dns_hostname_type_on_launch": "ip-name",
                            "tags.%": "3",
                            "tags.Name": "DevPrivateAz2",
                            "tags.aws-cdk:subnet-name": "Private",
                            "tags.aws-cdk:subnet-type": "Private",
                            "tags_all.%": "3",
                            "tags_all.Name": "DevPrivateAz2",
                            "tags_all.aws-cdk:subnet-name": "Private",
                            "tags_all.aws-cdk:subnet-type": "Private",
                            "vpc_id": "vpc-00122d1bf6c6ee0d4"
                        },
                        "meta": {
                            "schema_version": 1
                        },
                        "tainted": false
                    },
                    "deposed": [],
                    "provider": "provider.aws"
                },
                "aws_subnet.tfer--subnet-07a0aef129970fae7": {
                    "type": "aws_subnet",
                    "depends_on": [],
                    "primary": {
                        "id": "subnet-07a0aef129970fae7",
                        "attributes": {
                            "arn": "arn:aws:ec2:ap-northeast-2:108634952344:subnet/subnet-07a0aef129970fae7",
                            "assign_ipv6_address_on_creation": "false",
                            "availability_zone": "ap-northeast-2a",
                            "availability_zone_id": "apne2-az1",
                            "cidr_block": "10.1.4.0/24",
                            "customer_owned_ipv4_pool": "",
                            "enable_dns64": "false",
                            "enable_lni_at_device_index": "0",
                            "enable_resource_name_dns_a_record_on_launch": "false",
                            "enable_resource_name_dns_aaaa_record_on_launch": "false",
                            "id": "subnet-07a0aef129970fae7",
                            "ipv6_cidr_block": "",
                            "ipv6_cidr_block_association_id": "",
                            "ipv6_native": "false",
                            "map_customer_owned_ip_on_launch": "false",
                            "map_public_ip_on_launch": "false",
                            "outpost_arn": "",
                            "owner_id": "108634952344",
                            "private_dns_hostname_type_on_launch": "ip-name",
                            "tags.%": "1",
                            "tags.Name": "DevRdsPrivateAz1",
                            "tags_all.%": "1",
                            "tags_all.Name": "DevRdsPrivateAz1",
                            "vpc_id": "vpc-00122d1bf6c6ee0d4"
                        },
                        "meta": {
                            "schema_version": 1
                        },
                        "tainted": false
                    },
                    "deposed": [],
                    "provider": "provider.aws"
                },
                "aws_subnet.tfer--subnet-081a4d09dda3e39f8": {
                    "type": "aws_subnet",
                    "depends_on": [],
                    "primary": {
                        "id": "subnet-081a4d09dda3e39f8",
                        "attributes": {
                            "arn": "arn:aws:ec2:ap-northeast-2:108634952344:subnet/subnet-081a4d09dda3e39f8",
                            "assign_ipv6_address_on_creation": "false",
                            "availability_zone": "ap-northeast-2a",
                            "availability_zone_id": "apne2-az1",
                            "cidr_block": "10.10.0.0/24",
                            "customer_owned_ipv4_pool": "",
                            "enable_dns64": "false",
                            "enable_lni_at_device_index": "0",
                            "enable_resource_name_dns_a_record_on_launch": "false",
                            "enable_resource_name_dns_aaaa_record_on_launch": "false",
                            "id": "subnet-081a4d09dda3e39f8",
                            "ipv6_cidr_block": "",
                            "ipv6_cidr_block_association_id": "",
                            "ipv6_native": "false",
                            "map_customer_owned_ip_on_launch": "false",
                            "map_public_ip_on_launch": "true",
                            "outpost_arn": "",
                            "owner_id": "108634952344",
                            "private_dns_hostname_type_on_launch": "ip-name",
                            "tags.%": "3",
                            "tags.Name": "🚀PublicAz1",
                            "tags.aws-cdk:subnet-name": "prod-publicSN",
                            "tags.aws-cdk:subnet-type": "Public",
                            "tags_all.%": "3",
                            "tags_all.Name": "🚀PublicAz1",
                            "tags_all.aws-cdk:subnet-name": "prod-publicSN",
                            "tags_all.aws-cdk:subnet-type": "Public",
                            "vpc_id": "vpc-09ac47fd50a915cc8"
                        },
                        "meta": {
                            "schema_version": 1
                        },
                        "tainted": false
                    },
                    "deposed": [],
                    "provider": "provider.aws"
                },
                "aws_subnet.tfer--subnet-0a17a219d0f7f17df": {
                    "type": "aws_subnet",
                    "depends_on": [],
                    "primary": {
                        "id": "subnet-0a17a219d0f7f17df",
                        "attributes": {
                            "arn": "arn:aws:ec2:ap-northeast-2:108634952344:subnet/subnet-0a17a219d0f7f17df",
                            "assign_ipv6_address_on_creation": "false",
                            "availability_zone": "ap-northeast-2a",
                            "availability_zone_id": "apne2-az1",
                            "cidr_block": "10.10.2.0/24",
                            "customer_owned_ipv4_pool": "",
                            "enable_dns64": "false",
                            "enable_lni_at_device_index": "0",
                            "enable_resource_name_dns_a_record_on_launch": "false",
                            "enable_resource_name_dns_aaaa_record_on_launch": "false",
                            "id": "subnet-0a17a219d0f7f17df",
                            "ipv6_cidr_block": "",
                            "ipv6_cidr_block_association_id": "",
                            "ipv6_native": "false",
                            "map_customer_owned_ip_on_launch": "false",
                            "map_public_ip_on_launch": "false",
                            "outpost_arn": "",
                            "owner_id": "108634952344",
                            "private_dns_hostname_type_on_launch": "ip-name",
                            "tags.%": "3",
                            "tags.Name": "🚀PrivateAz1",
                            "tags.aws-cdk:subnet-name": "prod-privateSN",
                            "tags.aws-cdk:subnet-type": "Isolated",
                            "tags_all.%": "3",
                            "tags_all.Name": "🚀PrivateAz1",
                            "tags_all.aws-cdk:subnet-name": "prod-privateSN",
                            "tags_all.aws-cdk:subnet-type": "Isolated",
                            "vpc_id": "vpc-09ac47fd50a915cc8"
                        },
                        "meta": {
                            "schema_version": 1
                        },
                        "tainted": false
                    },
                    "deposed": [],
                    "provider": "provider.aws"
                },
                "aws_subnet.tfer--subnet-0c84fbb7bff2cfe87": {
                    "type": "aws_subnet",
                    "depends_on": [],
                    "primary": {
                        "id": "subnet-0c84fbb7bff2cfe87",
                        "attributes": {
                            "arn": "arn:aws:ec2:ap-northeast-2:108634952344:subnet/subnet-0c84fbb7bff2cfe87",
                            "assign_ipv6_address_on_creation": "false",
                            "availability_zone": "ap-northeast-2c",
                            "availability_zone_id": "apne2-az3",
                            "cidr_block": "172.31.64.0/25",
                            "customer_owned_ipv4_pool": "",
                            "enable_dns64": "false",
                            "enable_lni_at_device_index": "0",
                            "enable_resource_name_dns_a_record_on_launch": "false",
                            "enable_resource_name_dns_aaaa_record_on_launch": "false",
                            "id": "subnet-0c84fbb7bff2cfe87",
                            "ipv6_cidr_block": "",
                            "ipv6_cidr_block_association_id": "",
                            "ipv6_native": "false",
                            "map_customer_owned_ip_on_launch": "false",
                            "map_public_ip_on_launch": "false",
                            "outpost_arn": "",
                            "owner_id": "108634952344",
                            "private_dns_hostname_type_on_launch": "ip-name",
                            "tags.%": "1",
                            "tags.Name": "GeneralPrivateAz3",
                            "tags_all.%": "1",
                            "tags_all.Name": "GeneralPrivateAz3",
                            "vpc_id": "vpc-517bc13a"
                        },
                        "meta": {
                            "schema_version": 1
                        },
                        "tainted": false
                    },
                    "deposed": [],
                    "provider": "provider.aws"
                },
                "aws_subnet.tfer--subnet-0fdaf6fe60c05f454": {
                    "type": "aws_subnet",
                    "depends_on": [],
                    "primary": {
                        "id": "subnet-0fdaf6fe60c05f454",
                        "attributes": {
                            "arn": "arn:aws:ec2:ap-northeast-2:108634952344:subnet/subnet-0fdaf6fe60c05f454",
                            "assign_ipv6_address_on_creation": "false",
                            "availability_zone": "ap-northeast-2b",
                            "availability_zone_id": "apne2-az2",
                            "cidr_block": "10.1.1.0/24",
                            "customer_owned_ipv4_pool": "",
                            "enable_dns64": "false",
                            "enable_lni_at_device_index": "0",
                            "enable_resource_name_dns_a_record_on_launch": "false",
                            "enable_resource_name_dns_aaaa_record_on_launch": "false",
                            "id": "subnet-0fdaf6fe60c05f454",
                            "ipv6_cidr_block": "",
                            "ipv6_cidr_block_association_id": "",
                            "ipv6_native": "false",
                            "map_customer_owned_ip_on_launch": "false",
                            "map_public_ip_on_launch": "true",
                            "outpost_arn": "",
                            "owner_id": "108634952344",
                            "private_dns_hostname_type_on_launch": "ip-name",
                            "tags.%": "3",
                            "tags.Name": "DevPublicAz2",
                            "tags.aws-cdk:subnet-name": "Public",
                            "tags.aws-cdk:subnet-type": "Public",
                            "tags_all.%": "3",
                            "tags_all.Name": "DevPublicAz2",
                            "tags_all.aws-cdk:subnet-name": "Public",
                            "tags_all.aws-cdk:subnet-type": "Public",
                            "vpc_id": "vpc-00122d1bf6c6ee0d4"
                        },
                        "meta": {
                            "schema_version": 1
                        },
                        "tainted": false
                    },
                    "deposed": [],
                    "provider": "provider.aws"
                },
                "aws_subnet.tfer--subnet-cc3e8aa7": {
                    "type": "aws_subnet",
                    "depends_on": [],
                    "primary": {
                        "id": "subnet-cc3e8aa7",
                        "attributes": {
                            "arn": "arn:aws:ec2:ap-northeast-2:108634952344:subnet/subnet-cc3e8aa7",
                            "assign_ipv6_address_on_creation": "false",
                            "availability_zone": "ap-northeast-2a",
                            "availability_zone_id": "apne2-az1",
                            "cidr_block": "172.31.0.0/20",
                            "customer_owned_ipv4_pool": "",
                            "enable_dns64": "false",
                            "enable_lni_at_device_index": "0",
                            "enable_resource_name_dns_a_record_on_launch": "false",
                            "enable_resource_name_dns_aaaa_record_on_launch": "false",
                            "id": "subnet-cc3e8aa7",
                            "ipv6_cidr_block": "",
                            "ipv6_cidr_block_association_id": "",
                            "ipv6_native": "false",
                            "map_customer_owned_ip_on_launch": "false",
                            "map_public_ip_on_launch": "true",
                            "outpost_arn": "",
                            "owner_id": "108634952344",
                            "private_dns_hostname_type_on_launch": "ip-name",
                            "tags.%": "1",
                            "tags.Name": "GeneralPublicAz1",
                            "tags_all.%": "1",
                            "tags_all.Name": "GeneralPublicAz1",
                            "vpc_id": "vpc-517bc13a"
                        },
                        "meta": {
                            "schema_version": 1
                        },
                        "tainted": false
                    },
                    "deposed": [],
                    "provider": "provider.aws"
                },
                "aws_subnet.tfer--subnet-f49d85b8": {
                    "type": "aws_subnet",
                    "depends_on": [],
                    "primary": {
                        "id": "subnet-f49d85b8",
                        "attributes": {
                            "arn": "arn:aws:ec2:ap-northeast-2:108634952344:subnet/subnet-f49d85b8",
                            "assign_ipv6_address_on_creation": "false",
                            "availability_zone": "ap-northeast-2c",
                            "availability_zone_id": "apne2-az3",
                            "cidr_block": "172.31.32.0/20",
                            "customer_owned_ipv4_pool": "",
                            "enable_dns64": "false",
                            "enable_lni_at_device_index": "0",
                            "enable_resource_name_dns_a_record_on_launch": "false",
                            "enable_resource_name_dns_aaaa_record_on_launch": "false",
                            "id": "subnet-f49d85b8",
                            "ipv6_cidr_block": "",
                            "ipv6_cidr_block_association_id": "",
                            "ipv6_native": "false",
                            "map_customer_owned_ip_on_launch": "false",
                            "map_public_ip_on_launch": "true",
                            "outpost_arn": "",
                            "owner_id": "108634952344",
                            "private_dns_hostname_type_on_launch": "ip-name",
                            "tags.%": "1",
                            "tags.Name": "GeneralPublicAz3",
                            "tags_all.%": "1",
                            "tags_all.Name": "GeneralPublicAz3",
                            "vpc_id": "vpc-517bc13a"
                        },
                        "meta": {
                            "schema_version": 1
                        },
                        "tainted": false
                    },
                    "deposed": [],
                    "provider": "provider.aws"
                },
                "aws_vpc.tfer--vpc-00122d1bf6c6ee0d4": {
                    "type": "aws_vpc",
                    "depends_on": [],
                    "primary": {
                        "id": "vpc-00122d1bf6c6ee0d4",
                        "attributes": {
                            "arn": "arn:aws:ec2:ap-northeast-2:108634952344:vpc/vpc-00122d1bf6c6ee0d4",
                            "assign_generated_ipv6_cidr_block": "false",
                            "cidr_block": "10.1.0.0/16",
                            "default_network_acl_id": "acl-0183006be1ebbf88c",
                            "default_route_table_id": "rtb-032a364481bf65e29",
                            "default_security_group_id": "sg-0b7350d6eac2679c2",
                            "dhcp_options_id": "dopt-73d6b918",
                            "enable_dns_hostnames": "true",
                            "enable_dns_support": "true",
                            "enable_network_address_usage_metrics": "false",
                            "id": "vpc-00122d1bf6c6ee0d4",
                            "instance_tenancy": "default",
                            "ipv6_association_id": "",
                            "ipv6_cidr_block": "",
                            "ipv6_cidr_block_network_border_group": "",
                            "ipv6_ipam_pool_id": "",
                            "ipv6_netmask_length": "0",
                            "main_route_table_id": "rtb-032a364481bf65e29",
                            "owner_id": "108634952344",
                            "tags.%": "1",
                            "tags.Name": "development",
                            "tags_all.%": "1",
                            "tags_all.Name": "development"
                        },
                        "meta": {
                            "schema_version": 1
                        },
                        "tainted": false
                    },
                    "deposed": [],
                    "provider": "provider.aws"
                },
                "aws_vpc.tfer--vpc-09ac47fd50a915cc8": {
                    "type": "aws_vpc",
                    "depends_on": [],
                    "primary": {
                        "id": "vpc-09ac47fd50a915cc8",
                        "attributes": {
                            "arn": "arn:aws:ec2:ap-northeast-2:108634952344:vpc/vpc-09ac47fd50a915cc8",
                            "assign_generated_ipv6_cidr_block": "false",
                            "cidr_block": "10.10.0.0/16",
                            "default_network_acl_id": "acl-017264fe9c6726c85",
                            "default_route_table_id": "rtb-0c118f2f68764a209",
                            "default_security_group_id": "sg-0272dcf831a814e29",
                            "dhcp_options_id": "dopt-73d6b918",
                            "enable_dns_hostnames": "true",
                            "enable_dns_support": "true",
                            "enable_network_address_usage_metrics": "false",
                            "id": "vpc-09ac47fd50a915cc8",
                            "instance_tenancy": "default",
                            "ipv6_association_id": "",
                            "ipv6_cidr_block": "",
                            "ipv6_cidr_block_network_border_group": "",
                            "ipv6_ipam_pool_id": "",
                            "ipv6_netmask_length": "0",
                            "main_route_table_id": "rtb-0c118f2f68764a209",
                            "owner_id": "108634952344",
                            "tags.%": "1",
                            "tags.Name": "🚀production",
                            "tags_all.%": "1",
                            "tags_all.Name": "🚀production"
                        },
                        "meta": {
                            "schema_version": 1
                        },
                        "tainted": false
                    },
                    "deposed": [],
                    "provider": "provider.aws"
                },
                "aws_vpc.tfer--vpc-517bc13a": {
                    "type": "aws_vpc",
                    "depends_on": [],
                    "primary": {
                        "id": "vpc-517bc13a",
                        "attributes": {
                            "arn": "arn:aws:ec2:ap-northeast-2:108634952344:vpc/vpc-517bc13a",
                            "assign_generated_ipv6_cidr_block": "false",
                            "cidr_block": "172.31.0.0/16",
                            "default_network_acl_id": "acl-887403e3",
                            "default_route_table_id": "rtb-b44102df",
                            "default_security_group_id": "sg-76fe530d",
                            "dhcp_options_id": "dopt-73d6b918",
                            "enable_dns_hostnames": "true",
                            "enable_dns_support": "true",
                            "enable_network_address_usage_metrics": "false",
                            "id": "vpc-517bc13a",
                            "instance_tenancy": "default",
                            "ipv6_association_id": "",
                            "ipv6_cidr_block": "",
                            "ipv6_cidr_block_network_border_group": "",
                            "ipv6_ipam_pool_id": "",
                            "ipv6_netmask_length": "0",
                            "main_route_table_id": "rtb-b44102df",
                            "owner_id": "108634952344",
                            "tags.%": "1",
                            "tags.Name": "general",
                            "tags_all.%": "1",
                            "tags_all.Name": "general"
                        },
                        "meta": {
                            "schema_version": 1
                        },
                        "tainted": false
                    },
                    "deposed": [],
                    "provider": "provider.aws"
                }
            },
            "depends_on": []
        }
    ]
}
